// !$*UTF8*$!
{
	archiveVersion = 1;
	classes = {
	};
	objectVersion = 56;
	objects = {

/* Begin PBXBuildFile section */
		DC00C2A62C592DEB0081D7B4 /* SettingsHandlerTests.swift in Sources */ = {isa = PBXBuildFile; fileRef = DC00C2A52C592DE70081D7B4 /* SettingsHandlerTests.swift */; };
		DC00C2A82C592EDD0081D7B4 /* TagHandlerTests.swift in Sources */ = {isa = PBXBuildFile; fileRef = DC00C2A72C592ED70081D7B4 /* TagHandlerTests.swift */; };
		DC00C2AA2C592F500081D7B4 /* ModalHandlerTests.swift in Sources */ = {isa = PBXBuildFile; fileRef = DC00C2A92C592F4C0081D7B4 /* ModalHandlerTests.swift */; };
		DC0448FA298D2F39004B6389 /* Assets.xcassets in Resources */ = {isa = PBXBuildFile; fileRef = DC0448F9298D2F39004B6389 /* Assets.xcassets */; };
		DC0448FD298D2F39004B6389 /* Preview Assets.xcassets in Resources */ = {isa = PBXBuildFile; fileRef = DC0448FC298D2F39004B6389 /* Preview Assets.xcassets */; };
		DC044912298D4046004B6389 /* Colors.xcassets in Resources */ = {isa = PBXBuildFile; fileRef = DC044911298D4046004B6389 /* Colors.xcassets */; };
		DC105EEE2C11F5BA0023ABE7 /* ModalHandler.swift in Sources */ = {isa = PBXBuildFile; fileRef = DC105EED2C11F5BA0023ABE7 /* ModalHandler.swift */; };
		DC105EF02C11F6A10023ABE7 /* ScriptModalView.swift in Sources */ = {isa = PBXBuildFile; fileRef = DC105EEF2C11F6A10023ABE7 /* ScriptModalView.swift */; };
		DC1C1E372C57ACD600B9C216 /* CronJobModel.swift in Sources */ = {isa = PBXBuildFile; fileRef = DC1C1E362C57ACD200B9C216 /* CronJobModel.swift */; };
		DC1C1E3B2C57AD4C00B9C216 /* CronJobHandler.swift in Sources */ = {isa = PBXBuildFile; fileRef = DC1C1E3A2C57AD4700B9C216 /* CronJobHandler.swift */; };
		DC1C1E3D2C57B3E000B9C216 /* CronJobHandlerProtocol.swift in Sources */ = {isa = PBXBuildFile; fileRef = DC1C1E3C2C57B3D900B9C216 /* CronJobHandlerProtocol.swift */; };
		DC275E3E2B7F885C003E35C6 /* ScriptTimeModel.swift in Sources */ = {isa = PBXBuildFile; fileRef = DC275E3D2B7F885C003E35C6 /* ScriptTimeModel.swift */; };
		DC2991D529A382A800DBCAAD /* IconPickerView.swift in Sources */ = {isa = PBXBuildFile; fileRef = DC2991D429A382A800DBCAAD /* IconPickerView.swift */; };
		DC2991D729A3830C00DBCAAD /* ScriptIcons.swift in Sources */ = {isa = PBXBuildFile; fileRef = DC2991D629A3830C00DBCAAD /* ScriptIcons.swift */; };
		DC29E8242C46B28100F5FB3C /* DataModel.swift in Sources */ = {isa = PBXBuildFile; fileRef = DC29E8232C46B27F00F5FB3C /* DataModel.swift */; };
		DC2A807629C892B700BF6DE7 /* SettingsShortcutView.swift in Sources */ = {isa = PBXBuildFile; fileRef = DC2A807529C892B700BF6DE7 /* SettingsShortcutView.swift */; };
		DC2E7A9A29C4A40200B6CFFE /* LaunchAtLogin in Frameworks */ = {isa = PBXBuildFile; productRef = DC2E7A9929C4A40200B6CFFE /* LaunchAtLogin */; };
		DC2E7A9C29C4A41C00B6CFFE /* SettingsAutostartView.swift in Sources */ = {isa = PBXBuildFile; fileRef = DC2E7A9B29C4A41C00B6CFFE /* SettingsAutostartView.swift */; };
		DC2E7A9F29C4A6FE00B6CFFE /* KeyboardShortcuts in Frameworks */ = {isa = PBXBuildFile; productRef = DC2E7A9E29C4A6FE00B6CFFE /* KeyboardShortcuts */; };
		DC44B8B22C4BF7E5000D20E2 /* BackupProvider.swift in Sources */ = {isa = PBXBuildFile; fileRef = DC44B8B12C4BF7DF000D20E2 /* BackupProvider.swift */; };
		DC44B8B42C4BF832000D20E2 /* JSONProvider.swift in Sources */ = {isa = PBXBuildFile; fileRef = DC44B8B32C4BF82F000D20E2 /* JSONProvider.swift */; };
		DC44B8B62C4BF85F000D20E2 /* UserdataModel.swift in Sources */ = {isa = PBXBuildFile; fileRef = DC44B8B52C4BF85C000D20E2 /* UserdataModel.swift */; };
		DC44B8B82C4BF97A000D20E2 /* HintHandler.swift in Sources */ = {isa = PBXBuildFile; fileRef = DC44B8B72C4BF978000D20E2 /* HintHandler.swift */; };
		DC44B8BA2C4BF9C3000D20E2 /* HintHandlerProtocol.swift in Sources */ = {isa = PBXBuildFile; fileRef = DC44B8B92C4BF9BF000D20E2 /* HintHandlerProtocol.swift */; };
		DC44B8BC2C4BFAA9000D20E2 /* HintView.swift in Sources */ = {isa = PBXBuildFile; fileRef = DC44B8BB2C4BFA9E000D20E2 /* HintView.swift */; };
		DC44B8BE2C4BFADA000D20E2 /* HintViewModel.swift in Sources */ = {isa = PBXBuildFile; fileRef = DC44B8BD2C4BFAD7000D20E2 /* HintViewModel.swift */; };
		DC44B8C02C4BFEA6000D20E2 /* SettingsBackupView.swift in Sources */ = {isa = PBXBuildFile; fileRef = DC44B8BF2C4BFEA2000D20E2 /* SettingsBackupView.swift */; };
		DC44B8C22C4BFEEB000D20E2 /* BackupViewModel.swift in Sources */ = {isa = PBXBuildFile; fileRef = DC44B8C12C4BFEE8000D20E2 /* BackupViewModel.swift */; };
		DC44B8C52C4C0D79000D20E2 /* ScriptPresets.swift in Sources */ = {isa = PBXBuildFile; fileRef = DC44B8C42C4C0D75000D20E2 /* ScriptPresets.swift */; };
		DC44B8C72C4C0D81000D20E2 /* TagPreset.swift in Sources */ = {isa = PBXBuildFile; fileRef = DC44B8C62C4C0D7E000D20E2 /* TagPreset.swift */; };
		DC46ED9A2C58EAB20074B9F4 /* ScriptHandlerTests.swift in Sources */ = {isa = PBXBuildFile; fileRef = DC46ED992C58EAA10074B9F4 /* ScriptHandlerTests.swift */; };
		DC46ED9C2C590DD00074B9F4 /* AlertHandlerTests.swift in Sources */ = {isa = PBXBuildFile; fileRef = DC46ED9B2C590DCE0074B9F4 /* AlertHandlerTests.swift */; };
		DC46ED9E2C590FC30074B9F4 /* HintHandlerTests.swift in Sources */ = {isa = PBXBuildFile; fileRef = DC46ED9D2C590FBF0074B9F4 /* HintHandlerTests.swift */; };
		DC46EDA02C5912E20074B9F4 /* CronJobHandlerTests.swift in Sources */ = {isa = PBXBuildFile; fileRef = DC46ED9F2C5912DE0074B9F4 /* CronJobHandlerTests.swift */; };
		DC46EDA22C5917B90074B9F4 /* StorageHandlerMock.swift in Sources */ = {isa = PBXBuildFile; fileRef = DC46EDA12C5917B50074B9F4 /* StorageHandlerMock.swift */; };
		DC4D2D9729CAFC99006CDF16 /* BadgeView.swift in Sources */ = {isa = PBXBuildFile; fileRef = DC4D2D9629CAFC99006CDF16 /* BadgeView.swift */; };
		DC4E34C52BB55A17004EB76C /* Resolver in Frameworks */ = {isa = PBXBuildFile; productRef = DC4E34C42BB55A17004EB76C /* Resolver */; };
		DC4E34C92BB55A17004EB76C /* Resolver-Static in Frameworks */ = {isa = PBXBuildFile; productRef = DC4E34C82BB55A17004EB76C /* Resolver-Static */; };
		DC4E34CB2BB55A35004EB76C /* DependencyRegistry.swift in Sources */ = {isa = PBXBuildFile; fileRef = DC4E34CA2BB55A35004EB76C /* DependencyRegistry.swift */; };
		DC4E34CE2BB55FF9004EB76C /* StorageWrapper.swift in Sources */ = {isa = PBXBuildFile; fileRef = DC4E34CD2BB55FF9004EB76C /* StorageWrapper.swift */; };
		DC4E34D22BB56298004EB76C /* DateExtension.swift in Sources */ = {isa = PBXBuildFile; fileRef = DC4E34D12BB56298004EB76C /* DateExtension.swift */; };
		DC4E34D42BB562F2004EB76C /* Localizable.xcstrings in Resources */ = {isa = PBXBuildFile; fileRef = DC4E34D32BB562F2004EB76C /* Localizable.xcstrings */; };
		DC4E34D72BB56427004EB76C /* ShortcutsExtension.swift in Sources */ = {isa = PBXBuildFile; fileRef = DC4E34D62BB56427004EB76C /* ShortcutsExtension.swift */; };
		DC4E476B2BB5A5B300DBE275 /* TagHandler.swift in Sources */ = {isa = PBXBuildFile; fileRef = DC4E476A2BB5A5B300DBE275 /* TagHandler.swift */; };
		DC4E476D2BB5A60800DBE275 /* TagHandlerProtocol.swift in Sources */ = {isa = PBXBuildFile; fileRef = DC4E476C2BB5A60800DBE275 /* TagHandlerProtocol.swift */; };
		DC5528E229D86891008CD209 /* ScriptDetailButtonView.swift in Sources */ = {isa = PBXBuildFile; fileRef = DC5528E129D86891008CD209 /* ScriptDetailButtonView.swift */; };
		DC5813D02BF77B4A00C5C727 /* AlertView.swift in Sources */ = {isa = PBXBuildFile; fileRef = DC5813CF2BF77B4A00C5C727 /* AlertView.swift */; };
		DC5813D22BF77EC100C5C727 /* AlertHandler.swift in Sources */ = {isa = PBXBuildFile; fileRef = DC5813D12BF77EC100C5C727 /* AlertHandler.swift */; };
		DC5813D42BF77FC800C5C727 /* AlertHandlerProtocol.swift in Sources */ = {isa = PBXBuildFile; fileRef = DC5813D32BF77FC800C5C727 /* AlertHandlerProtocol.swift */; };
		DC5813D62BF7806900C5C727 /* AlertViewModel.swift in Sources */ = {isa = PBXBuildFile; fileRef = DC5813D52BF7806900C5C727 /* AlertViewModel.swift */; };
		DC5813D82BF7812400C5C727 /* MainViewModel.swift in Sources */ = {isa = PBXBuildFile; fileRef = DC5813D72BF7812400C5C727 /* MainViewModel.swift */; };
		DC75B443299BA57F00086806 /* ScriptManagerApp.swift in Sources */ = {isa = PBXBuildFile; fileRef = DC75B40F299BA57F00086806 /* ScriptManagerApp.swift */; };
		DC75B444299BA57F00086806 /* SettingsViewModel.swift in Sources */ = {isa = PBXBuildFile; fileRef = DC75B411299BA57F00086806 /* SettingsViewModel.swift */; };
		DC75B446299BA57F00086806 /* ScriptViewModel.swift in Sources */ = {isa = PBXBuildFile; fileRef = DC75B413299BA57F00086806 /* ScriptViewModel.swift */; };
		DC75B447299BA57F00086806 /* ScriptHandler.swift in Sources */ = {isa = PBXBuildFile; fileRef = DC75B415299BA57F00086806 /* ScriptHandler.swift */; };
		DC75B448299BA57F00086806 /* StorageHandler.swift in Sources */ = {isa = PBXBuildFile; fileRef = DC75B416299BA57F00086806 /* StorageHandler.swift */; };
		DC75B44A299BA57F00086806 /* Spacing.swift in Sources */ = {isa = PBXBuildFile; fileRef = DC75B419299BA57F00086806 /* Spacing.swift */; };
		DC75B44B299BA58000086806 /* IconSize.swift in Sources */ = {isa = PBXBuildFile; fileRef = DC75B41A299BA57F00086806 /* IconSize.swift */; };
		DC75B44E299BA58000086806 /* AppColor.swift in Sources */ = {isa = PBXBuildFile; fileRef = DC75B41D299BA57F00086806 /* AppColor.swift */; };
		DC75B44F299BA58000086806 /* SettingsModalView.swift in Sources */ = {isa = PBXBuildFile; fileRef = DC75B420299BA57F00086806 /* SettingsModalView.swift */; };
		DC75B450299BA58000086806 /* SettingsLoggingView.swift in Sources */ = {isa = PBXBuildFile; fileRef = DC75B421299BA57F00086806 /* SettingsLoggingView.swift */; };
		DC75B451299BA58000086806 /* SettingsShellView.swift in Sources */ = {isa = PBXBuildFile; fileRef = DC75B422299BA57F00086806 /* SettingsShellView.swift */; };
		DC75B452299BA58000086806 /* SettingsNotificationsView.swift in Sources */ = {isa = PBXBuildFile; fileRef = DC75B423299BA57F00086806 /* SettingsNotificationsView.swift */; };
		DC75B455299BA58000086806 /* SettingsUnicodeView.swift in Sources */ = {isa = PBXBuildFile; fileRef = DC75B427299BA57F00086806 /* SettingsUnicodeView.swift */; };
		DC75B456299BA58000086806 /* HelpView.swift in Sources */ = {isa = PBXBuildFile; fileRef = DC75B428299BA57F00086806 /* HelpView.swift */; };
		DC75B458299BA58000086806 /* WelcomeView.swift in Sources */ = {isa = PBXBuildFile; fileRef = DC75B42B299BA57F00086806 /* WelcomeView.swift */; };
		DC75B459299BA58000086806 /* HeaderView.swift in Sources */ = {isa = PBXBuildFile; fileRef = DC75B42C299BA57F00086806 /* HeaderView.swift */; };
		DC75B45B299BA58000086806 /* ScriptRowView.swift in Sources */ = {isa = PBXBuildFile; fileRef = DC75B42F299BA57F00086806 /* ScriptRowView.swift */; };
		DC75B45C299BA58000086806 /* ScriptsListView.swift in Sources */ = {isa = PBXBuildFile; fileRef = DC75B430299BA57F00086806 /* ScriptsListView.swift */; };
		DC75B460299BA58000086806 /* ScriptDetailsView.swift in Sources */ = {isa = PBXBuildFile; fileRef = DC75B435299BA57F00086806 /* ScriptDetailsView.swift */; };
		DC75B461299BA58000086806 /* ScriptStateButtonView.swift in Sources */ = {isa = PBXBuildFile; fileRef = DC75B437299BA57F00086806 /* ScriptStateButtonView.swift */; };
		DC75B462299BA58000086806 /* ScriptDeleteButtonView.swift in Sources */ = {isa = PBXBuildFile; fileRef = DC75B438299BA57F00086806 /* ScriptDeleteButtonView.swift */; };
		DC75B463299BA58000086806 /* ScriptRunButtonView.swift in Sources */ = {isa = PBXBuildFile; fileRef = DC75B439299BA57F00086806 /* ScriptRunButtonView.swift */; };
		DC75B464299BA58000086806 /* ScriptRowLabelView.swift in Sources */ = {isa = PBXBuildFile; fileRef = DC75B43A299BA57F00086806 /* ScriptRowLabelView.swift */; };
		DC75B465299BA58000086806 /* MainView.swift in Sources */ = {isa = PBXBuildFile; fileRef = DC75B43B299BA57F00086806 /* MainView.swift */; };
		DC75B466299BA58000086806 /* GroupView.swift in Sources */ = {isa = PBXBuildFile; fileRef = DC75B43C299BA57F00086806 /* GroupView.swift */; };
		DC75B467299BA58000086806 /* ShellModel.swift in Sources */ = {isa = PBXBuildFile; fileRef = DC75B43E299BA57F00086806 /* ShellModel.swift */; };
		DC75B468299BA58000086806 /* SettingsModel.swift in Sources */ = {isa = PBXBuildFile; fileRef = DC75B43F299BA57F00086806 /* SettingsModel.swift */; };
		DC75B46A299BA58000086806 /* ResultModel.swift in Sources */ = {isa = PBXBuildFile; fileRef = DC75B441299BA57F00086806 /* ResultModel.swift */; };
		DC75B46B299BA58000086806 /* ScriptModel.swift in Sources */ = {isa = PBXBuildFile; fileRef = DC75B442299BA57F00086806 /* ScriptModel.swift */; };
		DC79D0CA2C49A004001BF56F /* HeaderViewModel.swift in Sources */ = {isa = PBXBuildFile; fileRef = DC79D0C92C499FFF001BF56F /* HeaderViewModel.swift */; };
		DC84CC1C29C9BB51006C8F07 /* ShortcutModel.swift in Sources */ = {isa = PBXBuildFile; fileRef = DC84CC1B29C9BB51006C8F07 /* ShortcutModel.swift */; };
		DC851CFA2BF4D2FF007EB396 /* SettingsHandler.swift in Sources */ = {isa = PBXBuildFile; fileRef = DC851CF92BF4D2FF007EB396 /* SettingsHandler.swift */; };
		DC851CFC2BF4D442007EB396 /* SettingsHandlerProtocol.swift in Sources */ = {isa = PBXBuildFile; fileRef = DC851CFB2BF4D442007EB396 /* SettingsHandlerProtocol.swift */; };
		DC89BF1D29DC387B0029D9CA /* ScriptHandlerProtocol.swift in Sources */ = {isa = PBXBuildFile; fileRef = DC89BF1C29DC387B0029D9CA /* ScriptHandlerProtocol.swift */; };
		DC9558242C171A5A00BA7C34 /* ShortcutView.swift in Sources */ = {isa = PBXBuildFile; fileRef = DC9558232C171A5A00BA7C34 /* ShortcutView.swift */; };
		DCA30BE42C57CBE7003F790E /* IntervalExtension.swift in Sources */ = {isa = PBXBuildFile; fileRef = DCA30BE32C57CBE3003F790E /* IntervalExtension.swift */; };
		DCAEF26B2C4A50C4004C922B /* CodeEditor in Frameworks */ = {isa = PBXBuildFile; productRef = DCAEF26A2C4A50C4004C922B /* CodeEditor */; };
		DCAEF26D2C4A549C004C922B /* ScriptPresetModel.swift in Sources */ = {isa = PBXBuildFile; fileRef = DCAEF26C2C4A549A004C922B /* ScriptPresetModel.swift */; };
		DCAEF26F2C4A5A17004C922B /* SearchbarView.swift in Sources */ = {isa = PBXBuildFile; fileRef = DCAEF26E2C4A5A14004C922B /* SearchbarView.swift */; };
		DCDA8F3E2C1323DD00AD2B19 /* ModalView.swift in Sources */ = {isa = PBXBuildFile; fileRef = DCDA8F3D2C1323DD00AD2B19 /* ModalView.swift */; };
		DCDA8F402C1323F300AD2B19 /* ModalViewModel.swift in Sources */ = {isa = PBXBuildFile; fileRef = DCDA8F3F2C1323F300AD2B19 /* ModalViewModel.swift */; };
		DCDA8F422C13273E00AD2B19 /* ModalHandlerProtocol.swift in Sources */ = {isa = PBXBuildFile; fileRef = DCDA8F412C13273E00AD2B19 /* ModalHandlerProtocol.swift */; };
		DCDA8F452C13320E00AD2B19 /* ConfettiSwiftUI in Frameworks */ = {isa = PBXBuildFile; productRef = DCDA8F442C13320E00AD2B19 /* ConfettiSwiftUI */; };
		DCDCD6BE29D7305E00529752 /* AlertToast in Frameworks */ = {isa = PBXBuildFile; productRef = DCDCD6BD29D7305E00529752 /* AlertToast */; };
		DCDCD6C129D7342F00529752 /* CustomButtonView.swift in Sources */ = {isa = PBXBuildFile; fileRef = DCDCD6C029D7342F00529752 /* CustomButtonView.swift */; };
		DCDD16B62C57DDEE00757547 /* IntervalTests.swift in Sources */ = {isa = PBXBuildFile; fileRef = DCDD16B52C57DDE700757547 /* IntervalTests.swift */; };
		DCDEB9DC2C4B94EB00C6BA31 /* TagPresetModel.swift in Sources */ = {isa = PBXBuildFile; fileRef = DCDEB9DB2C4B94E700C6BA31 /* TagPresetModel.swift */; };
		DCDEB9DE2C4BA8E400C6BA31 /* ScriptProcessModel.swift in Sources */ = {isa = PBXBuildFile; fileRef = DCDEB9DD2C4BA8E100C6BA31 /* ScriptProcessModel.swift */; };
		DCDEB9E02C4BB80D00C6BA31 /* InfoModal.swift in Sources */ = {isa = PBXBuildFile; fileRef = DCDEB9DF2C4BB80800C6BA31 /* InfoModal.swift */; };
		DCDEB9E22C4BB84E00C6BA31 /* InfoViewModel.swift in Sources */ = {isa = PBXBuildFile; fileRef = DCDEB9E12C4BB84B00C6BA31 /* InfoViewModel.swift */; };
		DCDFAC4A29CB251600D538A2 /* TagViewModel.swift in Sources */ = {isa = PBXBuildFile; fileRef = DCDFAC4929CB251600D538A2 /* TagViewModel.swift */; };
		DCDFAC4D29CB25FF00D538A2 /* TagModalView.swift in Sources */ = {isa = PBXBuildFile; fileRef = DCDFAC4C29CB25FF00D538A2 /* TagModalView.swift */; };
		DCEE233A29DAF2AD00814902 /* OutputWindowView.swift in Sources */ = {isa = PBXBuildFile; fileRef = DCEE233929DAF2AD00814902 /* OutputWindowView.swift */; };
		DCF1E9FA2C3815BB00645223 /* AddModalView.swift in Sources */ = {isa = PBXBuildFile; fileRef = DCF1E9F92C3815B700645223 /* AddModalView.swift */; };
		DCF82FB229D1C1250085627D /* TagModel.swift in Sources */ = {isa = PBXBuildFile; fileRef = DCF82FB129D1C1250085627D /* TagModel.swift */; };
		DCF82FB429D1C33F0085627D /* TagsListView.swift in Sources */ = {isa = PBXBuildFile; fileRef = DCF82FB329D1C33F0085627D /* TagsListView.swift */; };
		DCF82FB629D1CDBF0085627D /* TagPickerView.swift in Sources */ = {isa = PBXBuildFile; fileRef = DCF82FB529D1CDBF0085627D /* TagPickerView.swift */; };
		DCFA33F129DD590E00807A0E /* NotificationProvider.swift in Sources */ = {isa = PBXBuildFile; fileRef = DCFA33F029DD590E00807A0E /* NotificationProvider.swift */; };
		DCFA33F329DD592500807A0E /* NotificationHandlerProtocol.swift in Sources */ = {isa = PBXBuildFile; fileRef = DCFA33F229DD592500807A0E /* NotificationHandlerProtocol.swift */; };
		DCFA33F529DD5F2C00807A0E /* StorageHandlerProtocol.swift in Sources */ = {isa = PBXBuildFile; fileRef = DCFA33F429DD5F2C00807A0E /* StorageHandlerProtocol.swift */; };
		DCFA344929DDA4FA00807A0E /* ColorExtension.swift in Sources */ = {isa = PBXBuildFile; fileRef = DCFA344829DDA4FA00807A0E /* ColorExtension.swift */; };
/* End PBXBuildFile section */

/* Begin PBXContainerItemProxy section */
		DCDD16B32C57DCF800757547 /* PBXContainerItemProxy */ = {
			isa = PBXContainerItemProxy;
			containerPortal = DC0448EA298D2F38004B6389 /* Project object */;
			proxyType = 1;
			remoteGlobalIDString = DC0448F1298D2F38004B6389;
			remoteInfo = ScriptManager;
		};
/* End PBXContainerItemProxy section */

/* Begin PBXFileReference section */
		DC00C2A52C592DE70081D7B4 /* SettingsHandlerTests.swift */ = {isa = PBXFileReference; lastKnownFileType = sourcecode.swift; path = SettingsHandlerTests.swift; sourceTree = "<group>"; };
		DC00C2A72C592ED70081D7B4 /* TagHandlerTests.swift */ = {isa = PBXFileReference; lastKnownFileType = sourcecode.swift; path = TagHandlerTests.swift; sourceTree = "<group>"; };
		DC00C2A92C592F4C0081D7B4 /* ModalHandlerTests.swift */ = {isa = PBXFileReference; lastKnownFileType = sourcecode.swift; path = ModalHandlerTests.swift; sourceTree = "<group>"; };
		DC0448F2298D2F38004B6389 /* ScriptManager.app */ = {isa = PBXFileReference; explicitFileType = wrapper.application; includeInIndex = 0; path = ScriptManager.app; sourceTree = BUILT_PRODUCTS_DIR; };
		DC0448F9298D2F39004B6389 /* Assets.xcassets */ = {isa = PBXFileReference; lastKnownFileType = folder.assetcatalog; path = Assets.xcassets; sourceTree = "<group>"; };
		DC0448FC298D2F39004B6389 /* Preview Assets.xcassets */ = {isa = PBXFileReference; lastKnownFileType = folder.assetcatalog; path = "Preview Assets.xcassets"; sourceTree = "<group>"; };
		DC0448FE298D2F39004B6389 /* ScriptManager.entitlements */ = {isa = PBXFileReference; lastKnownFileType = text.plist.entitlements; path = ScriptManager.entitlements; sourceTree = "<group>"; };
		DC044911298D4046004B6389 /* Colors.xcassets */ = {isa = PBXFileReference; lastKnownFileType = folder.assetcatalog; path = Colors.xcassets; sourceTree = "<group>"; };
		DC105EED2C11F5BA0023ABE7 /* ModalHandler.swift */ = {isa = PBXFileReference; lastKnownFileType = sourcecode.swift; path = ModalHandler.swift; sourceTree = "<group>"; };
		DC105EEF2C11F6A10023ABE7 /* ScriptModalView.swift */ = {isa = PBXFileReference; lastKnownFileType = sourcecode.swift; path = ScriptModalView.swift; sourceTree = "<group>"; };
		DC1C1E362C57ACD200B9C216 /* CronJobModel.swift */ = {isa = PBXFileReference; lastKnownFileType = sourcecode.swift; path = CronJobModel.swift; sourceTree = "<group>"; };
		DC1C1E3A2C57AD4700B9C216 /* CronJobHandler.swift */ = {isa = PBXFileReference; lastKnownFileType = sourcecode.swift; path = CronJobHandler.swift; sourceTree = "<group>"; };
		DC1C1E3C2C57B3D900B9C216 /* CronJobHandlerProtocol.swift */ = {isa = PBXFileReference; lastKnownFileType = sourcecode.swift; path = CronJobHandlerProtocol.swift; sourceTree = "<group>"; };
		DC275E3D2B7F885C003E35C6 /* ScriptTimeModel.swift */ = {isa = PBXFileReference; lastKnownFileType = sourcecode.swift; path = ScriptTimeModel.swift; sourceTree = "<group>"; };
		DC2991D429A382A800DBCAAD /* IconPickerView.swift */ = {isa = PBXFileReference; lastKnownFileType = sourcecode.swift; path = IconPickerView.swift; sourceTree = "<group>"; };
		DC2991D629A3830C00DBCAAD /* ScriptIcons.swift */ = {isa = PBXFileReference; lastKnownFileType = sourcecode.swift; path = ScriptIcons.swift; sourceTree = "<group>"; };
		DC29E8232C46B27F00F5FB3C /* DataModel.swift */ = {isa = PBXFileReference; lastKnownFileType = sourcecode.swift; path = DataModel.swift; sourceTree = "<group>"; };
		DC2A807529C892B700BF6DE7 /* SettingsShortcutView.swift */ = {isa = PBXFileReference; lastKnownFileType = sourcecode.swift; path = SettingsShortcutView.swift; sourceTree = "<group>"; };
		DC2E7A9B29C4A41C00B6CFFE /* SettingsAutostartView.swift */ = {isa = PBXFileReference; lastKnownFileType = sourcecode.swift; path = SettingsAutostartView.swift; sourceTree = "<group>"; };
		DC44B8B12C4BF7DF000D20E2 /* BackupProvider.swift */ = {isa = PBXFileReference; lastKnownFileType = sourcecode.swift; path = BackupProvider.swift; sourceTree = "<group>"; };
		DC44B8B32C4BF82F000D20E2 /* JSONProvider.swift */ = {isa = PBXFileReference; lastKnownFileType = sourcecode.swift; path = JSONProvider.swift; sourceTree = "<group>"; };
		DC44B8B52C4BF85C000D20E2 /* UserdataModel.swift */ = {isa = PBXFileReference; lastKnownFileType = sourcecode.swift; path = UserdataModel.swift; sourceTree = "<group>"; };
		DC44B8B72C4BF978000D20E2 /* HintHandler.swift */ = {isa = PBXFileReference; lastKnownFileType = sourcecode.swift; path = HintHandler.swift; sourceTree = "<group>"; };
		DC44B8B92C4BF9BF000D20E2 /* HintHandlerProtocol.swift */ = {isa = PBXFileReference; lastKnownFileType = sourcecode.swift; path = HintHandlerProtocol.swift; sourceTree = "<group>"; };
		DC44B8BB2C4BFA9E000D20E2 /* HintView.swift */ = {isa = PBXFileReference; lastKnownFileType = sourcecode.swift; path = HintView.swift; sourceTree = "<group>"; };
		DC44B8BD2C4BFAD7000D20E2 /* HintViewModel.swift */ = {isa = PBXFileReference; lastKnownFileType = sourcecode.swift; path = HintViewModel.swift; sourceTree = "<group>"; };
		DC44B8BF2C4BFEA2000D20E2 /* SettingsBackupView.swift */ = {isa = PBXFileReference; lastKnownFileType = sourcecode.swift; path = SettingsBackupView.swift; sourceTree = "<group>"; };
		DC44B8C12C4BFEE8000D20E2 /* BackupViewModel.swift */ = {isa = PBXFileReference; lastKnownFileType = sourcecode.swift; path = BackupViewModel.swift; sourceTree = "<group>"; };
		DC44B8C42C4C0D75000D20E2 /* ScriptPresets.swift */ = {isa = PBXFileReference; lastKnownFileType = sourcecode.swift; path = ScriptPresets.swift; sourceTree = "<group>"; };
		DC44B8C62C4C0D7E000D20E2 /* TagPreset.swift */ = {isa = PBXFileReference; lastKnownFileType = sourcecode.swift; path = TagPreset.swift; sourceTree = "<group>"; };
		DC46ED992C58EAA10074B9F4 /* ScriptHandlerTests.swift */ = {isa = PBXFileReference; lastKnownFileType = sourcecode.swift; path = ScriptHandlerTests.swift; sourceTree = "<group>"; };
		DC46ED9B2C590DCE0074B9F4 /* AlertHandlerTests.swift */ = {isa = PBXFileReference; lastKnownFileType = sourcecode.swift; path = AlertHandlerTests.swift; sourceTree = "<group>"; };
		DC46ED9D2C590FBF0074B9F4 /* HintHandlerTests.swift */ = {isa = PBXFileReference; lastKnownFileType = sourcecode.swift; path = HintHandlerTests.swift; sourceTree = "<group>"; };
		DC46ED9F2C5912DE0074B9F4 /* CronJobHandlerTests.swift */ = {isa = PBXFileReference; lastKnownFileType = sourcecode.swift; path = CronJobHandlerTests.swift; sourceTree = "<group>"; };
		DC46EDA12C5917B50074B9F4 /* StorageHandlerMock.swift */ = {isa = PBXFileReference; lastKnownFileType = sourcecode.swift; path = StorageHandlerMock.swift; sourceTree = "<group>"; };
		DC4D2D9629CAFC99006CDF16 /* BadgeView.swift */ = {isa = PBXFileReference; lastKnownFileType = sourcecode.swift; path = BadgeView.swift; sourceTree = "<group>"; };
		DC4E34CA2BB55A35004EB76C /* DependencyRegistry.swift */ = {isa = PBXFileReference; lastKnownFileType = sourcecode.swift; path = DependencyRegistry.swift; sourceTree = "<group>"; };
		DC4E34CD2BB55FF9004EB76C /* StorageWrapper.swift */ = {isa = PBXFileReference; lastKnownFileType = sourcecode.swift; path = StorageWrapper.swift; sourceTree = "<group>"; };
		DC4E34D12BB56298004EB76C /* DateExtension.swift */ = {isa = PBXFileReference; lastKnownFileType = sourcecode.swift; path = DateExtension.swift; sourceTree = "<group>"; };
		DC4E34D32BB562F2004EB76C /* Localizable.xcstrings */ = {isa = PBXFileReference; lastKnownFileType = text.json.xcstrings; path = Localizable.xcstrings; sourceTree = "<group>"; };
		DC4E34D62BB56427004EB76C /* ShortcutsExtension.swift */ = {isa = PBXFileReference; lastKnownFileType = sourcecode.swift; path = ShortcutsExtension.swift; sourceTree = "<group>"; };
		DC4E476A2BB5A5B300DBE275 /* TagHandler.swift */ = {isa = PBXFileReference; lastKnownFileType = sourcecode.swift; path = TagHandler.swift; sourceTree = "<group>"; };
		DC4E476C2BB5A60800DBE275 /* TagHandlerProtocol.swift */ = {isa = PBXFileReference; lastKnownFileType = sourcecode.swift; path = TagHandlerProtocol.swift; sourceTree = "<group>"; };
		DC5528E129D86891008CD209 /* ScriptDetailButtonView.swift */ = {isa = PBXFileReference; lastKnownFileType = sourcecode.swift; path = ScriptDetailButtonView.swift; sourceTree = "<group>"; };
		DC5813CF2BF77B4A00C5C727 /* AlertView.swift */ = {isa = PBXFileReference; lastKnownFileType = sourcecode.swift; path = AlertView.swift; sourceTree = "<group>"; };
		DC5813D12BF77EC100C5C727 /* AlertHandler.swift */ = {isa = PBXFileReference; lastKnownFileType = sourcecode.swift; path = AlertHandler.swift; sourceTree = "<group>"; };
		DC5813D32BF77FC800C5C727 /* AlertHandlerProtocol.swift */ = {isa = PBXFileReference; lastKnownFileType = sourcecode.swift; path = AlertHandlerProtocol.swift; sourceTree = "<group>"; };
		DC5813D52BF7806900C5C727 /* AlertViewModel.swift */ = {isa = PBXFileReference; lastKnownFileType = sourcecode.swift; path = AlertViewModel.swift; sourceTree = "<group>"; };
		DC5813D72BF7812400C5C727 /* MainViewModel.swift */ = {isa = PBXFileReference; lastKnownFileType = sourcecode.swift; path = MainViewModel.swift; sourceTree = "<group>"; };
		DC75B40F299BA57F00086806 /* ScriptManagerApp.swift */ = {isa = PBXFileReference; fileEncoding = 4; lastKnownFileType = sourcecode.swift; path = ScriptManagerApp.swift; sourceTree = "<group>"; };
		DC75B411299BA57F00086806 /* SettingsViewModel.swift */ = {isa = PBXFileReference; fileEncoding = 4; lastKnownFileType = sourcecode.swift; path = SettingsViewModel.swift; sourceTree = "<group>"; };
		DC75B413299BA57F00086806 /* ScriptViewModel.swift */ = {isa = PBXFileReference; fileEncoding = 4; lastKnownFileType = sourcecode.swift; path = ScriptViewModel.swift; sourceTree = "<group>"; };
		DC75B415299BA57F00086806 /* ScriptHandler.swift */ = {isa = PBXFileReference; fileEncoding = 4; lastKnownFileType = sourcecode.swift; path = ScriptHandler.swift; sourceTree = "<group>"; };
		DC75B416299BA57F00086806 /* StorageHandler.swift */ = {isa = PBXFileReference; fileEncoding = 4; lastKnownFileType = sourcecode.swift; path = StorageHandler.swift; sourceTree = "<group>"; };
		DC75B419299BA57F00086806 /* Spacing.swift */ = {isa = PBXFileReference; fileEncoding = 4; lastKnownFileType = sourcecode.swift; path = Spacing.swift; sourceTree = "<group>"; };
		DC75B41A299BA57F00086806 /* IconSize.swift */ = {isa = PBXFileReference; fileEncoding = 4; lastKnownFileType = sourcecode.swift; path = IconSize.swift; sourceTree = "<group>"; };
		DC75B41D299BA57F00086806 /* AppColor.swift */ = {isa = PBXFileReference; fileEncoding = 4; lastKnownFileType = sourcecode.swift; path = AppColor.swift; sourceTree = "<group>"; };
		DC75B420299BA57F00086806 /* SettingsModalView.swift */ = {isa = PBXFileReference; fileEncoding = 4; lastKnownFileType = sourcecode.swift; path = SettingsModalView.swift; sourceTree = "<group>"; };
		DC75B421299BA57F00086806 /* SettingsLoggingView.swift */ = {isa = PBXFileReference; fileEncoding = 4; lastKnownFileType = sourcecode.swift; path = SettingsLoggingView.swift; sourceTree = "<group>"; };
		DC75B422299BA57F00086806 /* SettingsShellView.swift */ = {isa = PBXFileReference; fileEncoding = 4; lastKnownFileType = sourcecode.swift; path = SettingsShellView.swift; sourceTree = "<group>"; };
		DC75B423299BA57F00086806 /* SettingsNotificationsView.swift */ = {isa = PBXFileReference; fileEncoding = 4; lastKnownFileType = sourcecode.swift; path = SettingsNotificationsView.swift; sourceTree = "<group>"; };
		DC75B427299BA57F00086806 /* SettingsUnicodeView.swift */ = {isa = PBXFileReference; fileEncoding = 4; lastKnownFileType = sourcecode.swift; path = SettingsUnicodeView.swift; sourceTree = "<group>"; };
		DC75B428299BA57F00086806 /* HelpView.swift */ = {isa = PBXFileReference; fileEncoding = 4; lastKnownFileType = sourcecode.swift; path = HelpView.swift; sourceTree = "<group>"; };
		DC75B42B299BA57F00086806 /* WelcomeView.swift */ = {isa = PBXFileReference; fileEncoding = 4; lastKnownFileType = sourcecode.swift; path = WelcomeView.swift; sourceTree = "<group>"; };
		DC75B42C299BA57F00086806 /* HeaderView.swift */ = {isa = PBXFileReference; fileEncoding = 4; lastKnownFileType = sourcecode.swift; path = HeaderView.swift; sourceTree = "<group>"; };
		DC75B42F299BA57F00086806 /* ScriptRowView.swift */ = {isa = PBXFileReference; fileEncoding = 4; lastKnownFileType = sourcecode.swift; path = ScriptRowView.swift; sourceTree = "<group>"; };
		DC75B430299BA57F00086806 /* ScriptsListView.swift */ = {isa = PBXFileReference; fileEncoding = 4; lastKnownFileType = sourcecode.swift; path = ScriptsListView.swift; sourceTree = "<group>"; };
		DC75B435299BA57F00086806 /* ScriptDetailsView.swift */ = {isa = PBXFileReference; fileEncoding = 4; lastKnownFileType = sourcecode.swift; path = ScriptDetailsView.swift; sourceTree = "<group>"; };
		DC75B437299BA57F00086806 /* ScriptStateButtonView.swift */ = {isa = PBXFileReference; fileEncoding = 4; lastKnownFileType = sourcecode.swift; path = ScriptStateButtonView.swift; sourceTree = "<group>"; };
		DC75B438299BA57F00086806 /* ScriptDeleteButtonView.swift */ = {isa = PBXFileReference; fileEncoding = 4; lastKnownFileType = sourcecode.swift; path = ScriptDeleteButtonView.swift; sourceTree = "<group>"; };
		DC75B439299BA57F00086806 /* ScriptRunButtonView.swift */ = {isa = PBXFileReference; fileEncoding = 4; lastKnownFileType = sourcecode.swift; path = ScriptRunButtonView.swift; sourceTree = "<group>"; };
		DC75B43A299BA57F00086806 /* ScriptRowLabelView.swift */ = {isa = PBXFileReference; fileEncoding = 4; lastKnownFileType = sourcecode.swift; path = ScriptRowLabelView.swift; sourceTree = "<group>"; };
		DC75B43B299BA57F00086806 /* MainView.swift */ = {isa = PBXFileReference; fileEncoding = 4; lastKnownFileType = sourcecode.swift; path = MainView.swift; sourceTree = "<group>"; };
		DC75B43C299BA57F00086806 /* GroupView.swift */ = {isa = PBXFileReference; fileEncoding = 4; lastKnownFileType = sourcecode.swift; path = GroupView.swift; sourceTree = "<group>"; };
		DC75B43E299BA57F00086806 /* ShellModel.swift */ = {isa = PBXFileReference; fileEncoding = 4; lastKnownFileType = sourcecode.swift; path = ShellModel.swift; sourceTree = "<group>"; };
		DC75B43F299BA57F00086806 /* SettingsModel.swift */ = {isa = PBXFileReference; fileEncoding = 4; lastKnownFileType = sourcecode.swift; path = SettingsModel.swift; sourceTree = "<group>"; };
		DC75B441299BA57F00086806 /* ResultModel.swift */ = {isa = PBXFileReference; fileEncoding = 4; lastKnownFileType = sourcecode.swift; path = ResultModel.swift; sourceTree = "<group>"; };
		DC75B442299BA57F00086806 /* ScriptModel.swift */ = {isa = PBXFileReference; fileEncoding = 4; lastKnownFileType = sourcecode.swift; path = ScriptModel.swift; sourceTree = "<group>"; };
		DC79D0C92C499FFF001BF56F /* HeaderViewModel.swift */ = {isa = PBXFileReference; lastKnownFileType = sourcecode.swift; path = HeaderViewModel.swift; sourceTree = "<group>"; };
		DC84CC1B29C9BB51006C8F07 /* ShortcutModel.swift */ = {isa = PBXFileReference; lastKnownFileType = sourcecode.swift; path = ShortcutModel.swift; sourceTree = "<group>"; };
		DC851CF92BF4D2FF007EB396 /* SettingsHandler.swift */ = {isa = PBXFileReference; lastKnownFileType = sourcecode.swift; path = SettingsHandler.swift; sourceTree = "<group>"; };
		DC851CFB2BF4D442007EB396 /* SettingsHandlerProtocol.swift */ = {isa = PBXFileReference; lastKnownFileType = sourcecode.swift; path = SettingsHandlerProtocol.swift; sourceTree = "<group>"; };
		DC89BF1C29DC387B0029D9CA /* ScriptHandlerProtocol.swift */ = {isa = PBXFileReference; lastKnownFileType = sourcecode.swift; path = ScriptHandlerProtocol.swift; sourceTree = "<group>"; };
		DC9558232C171A5A00BA7C34 /* ShortcutView.swift */ = {isa = PBXFileReference; lastKnownFileType = sourcecode.swift; path = ShortcutView.swift; sourceTree = "<group>"; };
		DCA30BE32C57CBE3003F790E /* IntervalExtension.swift */ = {isa = PBXFileReference; lastKnownFileType = sourcecode.swift; path = IntervalExtension.swift; sourceTree = "<group>"; };
		DCAEF26C2C4A549A004C922B /* ScriptPresetModel.swift */ = {isa = PBXFileReference; lastKnownFileType = sourcecode.swift; path = ScriptPresetModel.swift; sourceTree = "<group>"; };
		DCAEF26E2C4A5A14004C922B /* SearchbarView.swift */ = {isa = PBXFileReference; lastKnownFileType = sourcecode.swift; path = SearchbarView.swift; sourceTree = "<group>"; };
		DCDA8F3D2C1323DD00AD2B19 /* ModalView.swift */ = {isa = PBXFileReference; lastKnownFileType = sourcecode.swift; path = ModalView.swift; sourceTree = "<group>"; };
		DCDA8F3F2C1323F300AD2B19 /* ModalViewModel.swift */ = {isa = PBXFileReference; lastKnownFileType = sourcecode.swift; path = ModalViewModel.swift; sourceTree = "<group>"; };
		DCDA8F412C13273E00AD2B19 /* ModalHandlerProtocol.swift */ = {isa = PBXFileReference; lastKnownFileType = sourcecode.swift; path = ModalHandlerProtocol.swift; sourceTree = "<group>"; };
		DCDCD6C029D7342F00529752 /* CustomButtonView.swift */ = {isa = PBXFileReference; lastKnownFileType = sourcecode.swift; path = CustomButtonView.swift; sourceTree = "<group>"; };
		DCDD16AC2C57D5F700757547 /* Tests.xctest */ = {isa = PBXFileReference; explicitFileType = wrapper.cfbundle; includeInIndex = 0; path = Tests.xctest; sourceTree = BUILT_PRODUCTS_DIR; };
		DCDD16B52C57DDE700757547 /* IntervalTests.swift */ = {isa = PBXFileReference; lastKnownFileType = sourcecode.swift; path = IntervalTests.swift; sourceTree = "<group>"; };
		DCDEB9DB2C4B94E700C6BA31 /* TagPresetModel.swift */ = {isa = PBXFileReference; lastKnownFileType = sourcecode.swift; path = TagPresetModel.swift; sourceTree = "<group>"; };
		DCDEB9DD2C4BA8E100C6BA31 /* ScriptProcessModel.swift */ = {isa = PBXFileReference; lastKnownFileType = sourcecode.swift; path = ScriptProcessModel.swift; sourceTree = "<group>"; };
		DCDEB9DF2C4BB80800C6BA31 /* InfoModal.swift */ = {isa = PBXFileReference; lastKnownFileType = sourcecode.swift; path = InfoModal.swift; sourceTree = "<group>"; };
		DCDEB9E12C4BB84B00C6BA31 /* InfoViewModel.swift */ = {isa = PBXFileReference; lastKnownFileType = sourcecode.swift; path = InfoViewModel.swift; sourceTree = "<group>"; };
		DCDFAC4929CB251600D538A2 /* TagViewModel.swift */ = {isa = PBXFileReference; lastKnownFileType = sourcecode.swift; path = TagViewModel.swift; sourceTree = "<group>"; };
		DCDFAC4C29CB25FF00D538A2 /* TagModalView.swift */ = {isa = PBXFileReference; lastKnownFileType = sourcecode.swift; path = TagModalView.swift; sourceTree = "<group>"; };
		DCEE233929DAF2AD00814902 /* OutputWindowView.swift */ = {isa = PBXFileReference; lastKnownFileType = sourcecode.swift; path = OutputWindowView.swift; sourceTree = "<group>"; };
		DCF1E9F92C3815B700645223 /* AddModalView.swift */ = {isa = PBXFileReference; lastKnownFileType = sourcecode.swift; path = AddModalView.swift; sourceTree = "<group>"; };
		DCF82FB129D1C1250085627D /* TagModel.swift */ = {isa = PBXFileReference; lastKnownFileType = sourcecode.swift; path = TagModel.swift; sourceTree = "<group>"; };
		DCF82FB329D1C33F0085627D /* TagsListView.swift */ = {isa = PBXFileReference; lastKnownFileType = sourcecode.swift; path = TagsListView.swift; sourceTree = "<group>"; };
		DCF82FB529D1CDBF0085627D /* TagPickerView.swift */ = {isa = PBXFileReference; lastKnownFileType = sourcecode.swift; path = TagPickerView.swift; sourceTree = "<group>"; };
		DCFA33F029DD590E00807A0E /* NotificationProvider.swift */ = {isa = PBXFileReference; lastKnownFileType = sourcecode.swift; path = NotificationProvider.swift; sourceTree = "<group>"; };
		DCFA33F229DD592500807A0E /* NotificationHandlerProtocol.swift */ = {isa = PBXFileReference; lastKnownFileType = sourcecode.swift; path = NotificationHandlerProtocol.swift; sourceTree = "<group>"; };
		DCFA33F429DD5F2C00807A0E /* StorageHandlerProtocol.swift */ = {isa = PBXFileReference; lastKnownFileType = sourcecode.swift; path = StorageHandlerProtocol.swift; sourceTree = "<group>"; };
		DCFA344829DDA4FA00807A0E /* ColorExtension.swift */ = {isa = PBXFileReference; lastKnownFileType = sourcecode.swift; path = ColorExtension.swift; sourceTree = "<group>"; };
/* End PBXFileReference section */

/* Begin PBXFrameworksBuildPhase section */
		DC0448EF298D2F38004B6389 /* Frameworks */ = {
			isa = PBXFrameworksBuildPhase;
			buildActionMask = 2147483647;
			files = (
				DCDCD6BE29D7305E00529752 /* AlertToast in Frameworks */,
				DC2E7A9A29C4A40200B6CFFE /* LaunchAtLogin in Frameworks */,
				DC4E34C52BB55A17004EB76C /* Resolver in Frameworks */,
				DCAEF26B2C4A50C4004C922B /* CodeEditor in Frameworks */,
				DC4E34C92BB55A17004EB76C /* Resolver-Static in Frameworks */,
				DC2E7A9F29C4A6FE00B6CFFE /* KeyboardShortcuts in Frameworks */,
				DCDA8F452C13320E00AD2B19 /* ConfettiSwiftUI in Frameworks */,
			);
			runOnlyForDeploymentPostprocessing = 0;
		};
		DCDD16A92C57D5F700757547 /* Frameworks */ = {
			isa = PBXFrameworksBuildPhase;
			buildActionMask = 2147483647;
			files = (
			);
			runOnlyForDeploymentPostprocessing = 0;
		};
/* End PBXFrameworksBuildPhase section */

/* Begin PBXGroup section */
		DC0448E9298D2F38004B6389 = {
			isa = PBXGroup;
			children = (
				DC0448F4298D2F38004B6389 /* ScriptManager */,
				DCDD16AD2C57D5F700757547 /* Tests */,
				DC0448F3298D2F38004B6389 /* Products */,
			);
			sourceTree = "<group>";
		};
		DC0448F3298D2F38004B6389 /* Products */ = {
			isa = PBXGroup;
			children = (
				DC0448F2298D2F38004B6389 /* ScriptManager.app */,
				DCDD16AC2C57D5F700757547 /* Tests.xctest */,
			);
			name = Products;
			sourceTree = "<group>";
		};
		DC0448F4298D2F38004B6389 /* ScriptManager */ = {
			isa = PBXGroup;
			children = (
				DC44B8C32C4C0D6E000D20E2 /* Presets */,
				DC4E34D52BB56318004EB76C /* Provider */,
				DC4E34D02BB56288004EB76C /* Extensions */,
				DC4E34CF2BB5605F004EB76C /* Storage */,
				DC89BF1E29DC38830029D9CA /* Protocols */,
				DC75B40F299BA57F00086806 /* ScriptManagerApp.swift */,
				DC75B414299BA57F00086806 /* Handler */,
				DC75B43D299BA57F00086806 /* Models */,
				DC75B417299BA57F00086806 /* Utils */,
				DC75B410299BA57F00086806 /* ViewModels */,
				DC75B41E299BA57F00086806 /* Views */,
				DC0448F9298D2F39004B6389 /* Assets.xcassets */,
				DC044911298D4046004B6389 /* Colors.xcassets */,
				DC0448FE298D2F39004B6389 /* ScriptManager.entitlements */,
				DC0448FB298D2F39004B6389 /* Preview Content */,
				DC4E34CA2BB55A35004EB76C /* DependencyRegistry.swift */,
				DC4E34D32BB562F2004EB76C /* Localizable.xcstrings */,
			);
			path = ScriptManager;
			sourceTree = "<group>";
		};
		DC0448FB298D2F39004B6389 /* Preview Content */ = {
			isa = PBXGroup;
			children = (
				DC0448FC298D2F39004B6389 /* Preview Assets.xcassets */,
			);
			path = "Preview Content";
			sourceTree = "<group>";
		};
		DC44B8C32C4C0D6E000D20E2 /* Presets */ = {
			isa = PBXGroup;
			children = (
				DC44B8C62C4C0D7E000D20E2 /* TagPreset.swift */,
				DC44B8C42C4C0D75000D20E2 /* ScriptPresets.swift */,
			);
			path = Presets;
			sourceTree = "<group>";
		};
		DC46ED972C58EA860074B9F4 /* Handler */ = {
			isa = PBXGroup;
			children = (
				DC00C2A92C592F4C0081D7B4 /* ModalHandlerTests.swift */,
				DC00C2A72C592ED70081D7B4 /* TagHandlerTests.swift */,
				DC00C2A52C592DE70081D7B4 /* SettingsHandlerTests.swift */,
				DC46ED9F2C5912DE0074B9F4 /* CronJobHandlerTests.swift */,
				DC46ED9D2C590FBF0074B9F4 /* HintHandlerTests.swift */,
				DC46ED9B2C590DCE0074B9F4 /* AlertHandlerTests.swift */,
				DC46ED992C58EAA10074B9F4 /* ScriptHandlerTests.swift */,
			);
			path = Handler;
			sourceTree = "<group>";
		};
		DC46ED982C58EA8E0074B9F4 /* Extensions */ = {
			isa = PBXGroup;
			children = (
				DCDD16B52C57DDE700757547 /* IntervalTests.swift */,
			);
			path = Extensions;
			sourceTree = "<group>";
		};
		DC4E34CF2BB5605F004EB76C /* Storage */ = {
			isa = PBXGroup;
			children = (
				DC46EDA12C5917B50074B9F4 /* StorageHandlerMock.swift */,
				DC75B416299BA57F00086806 /* StorageHandler.swift */,
				DC4E34CD2BB55FF9004EB76C /* StorageWrapper.swift */,
			);
			path = Storage;
			sourceTree = "<group>";
		};
		DC4E34D02BB56288004EB76C /* Extensions */ = {
			isa = PBXGroup;
			children = (
				DCA30BE32C57CBE3003F790E /* IntervalExtension.swift */,
				DCFA344829DDA4FA00807A0E /* ColorExtension.swift */,
				DC4E34D12BB56298004EB76C /* DateExtension.swift */,
				DC4E34D62BB56427004EB76C /* ShortcutsExtension.swift */,
			);
			path = Extensions;
			sourceTree = "<group>";
		};
		DC4E34D52BB56318004EB76C /* Provider */ = {
			isa = PBXGroup;
			children = (
				DC44B8B32C4BF82F000D20E2 /* JSONProvider.swift */,
				DC44B8B12C4BF7DF000D20E2 /* BackupProvider.swift */,
				DCFA33F029DD590E00807A0E /* NotificationProvider.swift */,
			);
			path = Provider;
			sourceTree = "<group>";
		};
		DC75B410299BA57F00086806 /* ViewModels */ = {
			isa = PBXGroup;
			children = (
				DC44B8C12C4BFEE8000D20E2 /* BackupViewModel.swift */,
				DC44B8BD2C4BFAD7000D20E2 /* HintViewModel.swift */,
				DCDEB9E12C4BB84B00C6BA31 /* InfoViewModel.swift */,
				DC79D0C92C499FFF001BF56F /* HeaderViewModel.swift */,
				DC75B413299BA57F00086806 /* ScriptViewModel.swift */,
				DC75B411299BA57F00086806 /* SettingsViewModel.swift */,
				DCDFAC4929CB251600D538A2 /* TagViewModel.swift */,
				DC5813D52BF7806900C5C727 /* AlertViewModel.swift */,
				DC5813D72BF7812400C5C727 /* MainViewModel.swift */,
				DCDA8F3F2C1323F300AD2B19 /* ModalViewModel.swift */,
			);
			path = ViewModels;
			sourceTree = "<group>";
		};
		DC75B414299BA57F00086806 /* Handler */ = {
			isa = PBXGroup;
			children = (
				DC1C1E3A2C57AD4700B9C216 /* CronJobHandler.swift */,
				DC44B8B72C4BF978000D20E2 /* HintHandler.swift */,
				DC75B415299BA57F00086806 /* ScriptHandler.swift */,
				DC851CF92BF4D2FF007EB396 /* SettingsHandler.swift */,
				DC4E476A2BB5A5B300DBE275 /* TagHandler.swift */,
				DC5813D12BF77EC100C5C727 /* AlertHandler.swift */,
				DC105EED2C11F5BA0023ABE7 /* ModalHandler.swift */,
			);
			path = Handler;
			sourceTree = "<group>";
		};
		DC75B417299BA57F00086806 /* Utils */ = {
			isa = PBXGroup;
			children = (
				DC75B419299BA57F00086806 /* Spacing.swift */,
				DC75B41A299BA57F00086806 /* IconSize.swift */,
				DC75B41D299BA57F00086806 /* AppColor.swift */,
				DC2991D629A3830C00DBCAAD /* ScriptIcons.swift */,
			);
			path = Utils;
			sourceTree = "<group>";
		};
		DC75B41E299BA57F00086806 /* Views */ = {
			isa = PBXGroup;
			children = (
				DCDA8F462C1350A200AD2B19 /* Shortcuts */,
				DCDA8F3C2C13216C00AD2B19 /* Modals */,
				DCDCD6BF29D733E200529752 /* Common */,
				DCDFAC4B29CB25E500D538A2 /* Tags */,
				DC75B41F299BA57F00086806 /* Settings */,
				DC75B42D299BA57F00086806 /* Scripts */,
				DC75B43B299BA57F00086806 /* MainView.swift */,
				DC75B42C299BA57F00086806 /* HeaderView.swift */,
				DC75B42B299BA57F00086806 /* WelcomeView.swift */,
			);
			path = Views;
			sourceTree = "<group>";
		};
		DC75B41F299BA57F00086806 /* Settings */ = {
			isa = PBXGroup;
			children = (
				DC44B8BF2C4BFEA2000D20E2 /* SettingsBackupView.swift */,
				DC75B421299BA57F00086806 /* SettingsLoggingView.swift */,
				DC75B422299BA57F00086806 /* SettingsShellView.swift */,
				DC75B423299BA57F00086806 /* SettingsNotificationsView.swift */,
				DC75B427299BA57F00086806 /* SettingsUnicodeView.swift */,
				DC2E7A9B29C4A41C00B6CFFE /* SettingsAutostartView.swift */,
				DC2A807529C892B700BF6DE7 /* SettingsShortcutView.swift */,
			);
			path = Settings;
			sourceTree = "<group>";
		};
		DC75B42D299BA57F00086806 /* Scripts */ = {
			isa = PBXGroup;
			children = (
				DCAEF26E2C4A5A14004C922B /* SearchbarView.swift */,
				DCDF0F9229A4B6AA00057C1E /* AddScript */,
				DC889DBC29A3B65E0006B0DF /* ScriptRow */,
				DC75B430299BA57F00086806 /* ScriptsListView.swift */,
				DCEE233929DAF2AD00814902 /* OutputWindowView.swift */,
			);
			path = Scripts;
			sourceTree = "<group>";
		};
		DC75B436299BA57F00086806 /* ScriptRowActions */ = {
			isa = PBXGroup;
			children = (
				DC75B437299BA57F00086806 /* ScriptStateButtonView.swift */,
				DC75B438299BA57F00086806 /* ScriptDeleteButtonView.swift */,
				DC75B439299BA57F00086806 /* ScriptRunButtonView.swift */,
				DC5528E129D86891008CD209 /* ScriptDetailButtonView.swift */,
			);
			path = ScriptRowActions;
			sourceTree = "<group>";
		};
		DC75B43D299BA57F00086806 /* Models */ = {
			isa = PBXGroup;
			children = (
				DC1C1E362C57ACD200B9C216 /* CronJobModel.swift */,
				DC44B8B52C4BF85C000D20E2 /* UserdataModel.swift */,
				DCDEB9DB2C4B94E700C6BA31 /* TagPresetModel.swift */,
				DCAEF26C2C4A549A004C922B /* ScriptPresetModel.swift */,
				DC29E8232C46B27F00F5FB3C /* DataModel.swift */,
				DC75B43E299BA57F00086806 /* ShellModel.swift */,
				DC75B43F299BA57F00086806 /* SettingsModel.swift */,
				DC75B441299BA57F00086806 /* ResultModel.swift */,
				DC75B442299BA57F00086806 /* ScriptModel.swift */,
				DC84CC1B29C9BB51006C8F07 /* ShortcutModel.swift */,
				DCF82FB129D1C1250085627D /* TagModel.swift */,
				DC275E3D2B7F885C003E35C6 /* ScriptTimeModel.swift */,
				DCDEB9DD2C4BA8E100C6BA31 /* ScriptProcessModel.swift */,
			);
			path = Models;
			sourceTree = "<group>";
		};
		DC889DBC29A3B65E0006B0DF /* ScriptRow */ = {
			isa = PBXGroup;
			children = (
				DC75B42F299BA57F00086806 /* ScriptRowView.swift */,
				DC75B436299BA57F00086806 /* ScriptRowActions */,
				DC75B43A299BA57F00086806 /* ScriptRowLabelView.swift */,
				DC75B435299BA57F00086806 /* ScriptDetailsView.swift */,
			);
			path = ScriptRow;
			sourceTree = "<group>";
		};
		DC89BF1E29DC38830029D9CA /* Protocols */ = {
			isa = PBXGroup;
			children = (
				DC1C1E3C2C57B3D900B9C216 /* CronJobHandlerProtocol.swift */,
				DC44B8B92C4BF9BF000D20E2 /* HintHandlerProtocol.swift */,
				DC89BF1C29DC387B0029D9CA /* ScriptHandlerProtocol.swift */,
				DCFA33F229DD592500807A0E /* NotificationHandlerProtocol.swift */,
				DCFA33F429DD5F2C00807A0E /* StorageHandlerProtocol.swift */,
				DC4E476C2BB5A60800DBE275 /* TagHandlerProtocol.swift */,
				DC851CFB2BF4D442007EB396 /* SettingsHandlerProtocol.swift */,
				DC5813D32BF77FC800C5C727 /* AlertHandlerProtocol.swift */,
				DCDA8F412C13273E00AD2B19 /* ModalHandlerProtocol.swift */,
			);
			path = Protocols;
			sourceTree = "<group>";
		};
		DCDA8F3C2C13216C00AD2B19 /* Modals */ = {
			isa = PBXGroup;
			children = (
				DCDEB9DF2C4BB80800C6BA31 /* InfoModal.swift */,
				DCF1E9F92C3815B700645223 /* AddModalView.swift */,
				DC75B420299BA57F00086806 /* SettingsModalView.swift */,
				DC105EEF2C11F6A10023ABE7 /* ScriptModalView.swift */,
				DCDFAC4C29CB25FF00D538A2 /* TagModalView.swift */,
				DCDA8F3D2C1323DD00AD2B19 /* ModalView.swift */,
			);
			path = Modals;
			sourceTree = "<group>";
		};
		DCDA8F462C1350A200AD2B19 /* Shortcuts */ = {
			isa = PBXGroup;
			children = (
				DC9558232C171A5A00BA7C34 /* ShortcutView.swift */,
			);
			path = Shortcuts;
			sourceTree = "<group>";
		};
		DCDCD6BF29D733E200529752 /* Common */ = {
			isa = PBXGroup;
			children = (
				DC44B8BB2C4BFA9E000D20E2 /* HintView.swift */,
				DC75B43C299BA57F00086806 /* GroupView.swift */,
				DC75B428299BA57F00086806 /* HelpView.swift */,
				DC4D2D9629CAFC99006CDF16 /* BadgeView.swift */,
				DCDCD6C029D7342F00529752 /* CustomButtonView.swift */,
				DC5813CF2BF77B4A00C5C727 /* AlertView.swift */,
			);
			path = Common;
			sourceTree = "<group>";
		};
		DCDD16AD2C57D5F700757547 /* Tests */ = {
			isa = PBXGroup;
			children = (
				DC46ED982C58EA8E0074B9F4 /* Extensions */,
				DC46ED972C58EA860074B9F4 /* Handler */,
			);
			path = Tests;
			sourceTree = "<group>";
		};
		DCDF0F9229A4B6AA00057C1E /* AddScript */ = {
			isa = PBXGroup;
			children = (
				DC2991D429A382A800DBCAAD /* IconPickerView.swift */,
				DCF82FB529D1CDBF0085627D /* TagPickerView.swift */,
			);
			path = AddScript;
			sourceTree = "<group>";
		};
		DCDFAC4B29CB25E500D538A2 /* Tags */ = {
			isa = PBXGroup;
			children = (
				DCF82FB329D1C33F0085627D /* TagsListView.swift */,
			);
			path = Tags;
			sourceTree = "<group>";
		};
/* End PBXGroup section */

/* Begin PBXNativeTarget section */
		DC0448F1298D2F38004B6389 /* ScriptManager */ = {
			isa = PBXNativeTarget;
			buildConfigurationList = DC044901298D2F39004B6389 /* Build configuration list for PBXNativeTarget "ScriptManager" */;
			buildPhases = (
				DC0448EE298D2F38004B6389 /* Sources */,
				DC0448EF298D2F38004B6389 /* Frameworks */,
				DC0448F0298D2F38004B6389 /* Resources */,
				DC75B40E299BA52B00086806 /* ShellScript */,
			);
			buildRules = (
			);
			dependencies = (
			);
			name = ScriptManager;
			packageProductDependencies = (
				DC2E7A9929C4A40200B6CFFE /* LaunchAtLogin */,
				DC2E7A9E29C4A6FE00B6CFFE /* KeyboardShortcuts */,
				DCDCD6BD29D7305E00529752 /* AlertToast */,
				DC4E34C42BB55A17004EB76C /* Resolver */,
				DC4E34C82BB55A17004EB76C /* Resolver-Static */,
				DCDA8F442C13320E00AD2B19 /* ConfettiSwiftUI */,
				DCAEF26A2C4A50C4004C922B /* CodeEditor */,
			);
			productName = ScriptManager;
			productReference = DC0448F2298D2F38004B6389 /* ScriptManager.app */;
			productType = "com.apple.product-type.application";
		};
		DCDD16AB2C57D5F700757547 /* Tests */ = {
			isa = PBXNativeTarget;
			buildConfigurationList = DCDD16B02C57D5F700757547 /* Build configuration list for PBXNativeTarget "Tests" */;
			buildPhases = (
				DCDD16A82C57D5F700757547 /* Sources */,
				DCDD16A92C57D5F700757547 /* Frameworks */,
				DCDD16AA2C57D5F700757547 /* Resources */,
			);
			buildRules = (
			);
			dependencies = (
				DCDD16B42C57DCF800757547 /* PBXTargetDependency */,
			);
			name = Tests;
			productName = Tests;
			productReference = DCDD16AC2C57D5F700757547 /* Tests.xctest */;
			productType = "com.apple.product-type.bundle.unit-test";
		};
/* End PBXNativeTarget section */

/* Begin PBXProject section */
		DC0448EA298D2F38004B6389 /* Project object */ = {
			isa = PBXProject;
			attributes = {
				BuildIndependentTargetsInParallel = 1;
				LastSwiftUpdateCheck = 1600;
				LastUpgradeCheck = 1420;
				TargetAttributes = {
					DC0448F1298D2F38004B6389 = {
						CreatedOnToolsVersion = 14.2;
						LastSwiftMigration = 1420;
					};
					DCDD16AB2C57D5F700757547 = {
						CreatedOnToolsVersion = 16.0;
						TestTargetID = DC0448F1298D2F38004B6389;
					};
				};
			};
			buildConfigurationList = DC0448ED298D2F38004B6389 /* Build configuration list for PBXProject "ScriptManager" */;
			compatibilityVersion = "Xcode 14.0";
			developmentRegion = en;
			hasScannedForEncodings = 0;
			knownRegions = (
				en,
				Base,
				de,
			);
			mainGroup = DC0448E9298D2F38004B6389;
			packageReferences = (
				DC2E7A9829C4A40200B6CFFE /* XCRemoteSwiftPackageReference "LaunchAtLogin-Modern" */,
				DC2E7A9D29C4A6FE00B6CFFE /* XCRemoteSwiftPackageReference "KeyboardShortcuts" */,
				DCDCD6BC29D7305E00529752 /* XCRemoteSwiftPackageReference "AlertToast" */,
				DC4E34C32BB55A17004EB76C /* XCRemoteSwiftPackageReference "Resolver" */,
				DCDA8F432C13320E00AD2B19 /* XCRemoteSwiftPackageReference "ConfettiSwiftUI" */,
				DCAEF2692C4A50C4004C922B /* XCRemoteSwiftPackageReference "CodeEditor" */,
			);
			productRefGroup = DC0448F3298D2F38004B6389 /* Products */;
			projectDirPath = "";
			projectRoot = "";
			targets = (
				DC0448F1298D2F38004B6389 /* ScriptManager */,
				DCDD16AB2C57D5F700757547 /* Tests */,
			);
		};
/* End PBXProject section */

/* Begin PBXResourcesBuildPhase section */
		DC0448F0298D2F38004B6389 /* Resources */ = {
			isa = PBXResourcesBuildPhase;
			buildActionMask = 2147483647;
			files = (
				DC044912298D4046004B6389 /* Colors.xcassets in Resources */,
				DC0448FD298D2F39004B6389 /* Preview Assets.xcassets in Resources */,
				DC4E34D42BB562F2004EB76C /* Localizable.xcstrings in Resources */,
				DC0448FA298D2F39004B6389 /* Assets.xcassets in Resources */,
			);
			runOnlyForDeploymentPostprocessing = 0;
		};
		DCDD16AA2C57D5F700757547 /* Resources */ = {
			isa = PBXResourcesBuildPhase;
			buildActionMask = 2147483647;
			files = (
			);
			runOnlyForDeploymentPostprocessing = 0;
		};
/* End PBXResourcesBuildPhase section */

/* Begin PBXShellScriptBuildPhase section */
		DC75B40E299BA52B00086806 /* ShellScript */ = {
			isa = PBXShellScriptBuildPhase;
			buildActionMask = 2147483647;
			files = (
			);
			inputFileListPaths = (
			);
			inputPaths = (
			);
			outputFileListPaths = (
			);
			outputPaths = (
			);
			runOnlyForDeploymentPostprocessing = 0;
			shellPath = /bin/sh;
			shellScript = "# Type a script or drag a script file from your workspace to insert its path.\n";
		};
/* End PBXShellScriptBuildPhase section */

/* Begin PBXSourcesBuildPhase section */
		DC0448EE298D2F38004B6389 /* Sources */ = {
			isa = PBXSourcesBuildPhase;
			buildActionMask = 2147483647;
			files = (
				DCFA344929DDA4FA00807A0E /* ColorExtension.swift in Sources */,
				DC75B452299BA58000086806 /* SettingsNotificationsView.swift in Sources */,
				DCEE233A29DAF2AD00814902 /* OutputWindowView.swift in Sources */,
				DC75B44B299BA58000086806 /* IconSize.swift in Sources */,
				DC4D2D9729CAFC99006CDF16 /* BadgeView.swift in Sources */,
				DCDEB9E22C4BB84E00C6BA31 /* InfoViewModel.swift in Sources */,
				DC105EF02C11F6A10023ABE7 /* ScriptModalView.swift in Sources */,
				DCDA8F3E2C1323DD00AD2B19 /* ModalView.swift in Sources */,
				DC46EDA22C5917B90074B9F4 /* StorageHandlerMock.swift in Sources */,
				DCDEB9DC2C4B94EB00C6BA31 /* TagPresetModel.swift in Sources */,
				DC75B467299BA58000086806 /* ShellModel.swift in Sources */,
				DCDA8F402C1323F300AD2B19 /* ModalViewModel.swift in Sources */,
				DC75B466299BA58000086806 /* GroupView.swift in Sources */,
				DCDFAC4D29CB25FF00D538A2 /* TagModalView.swift in Sources */,
				DC75B45C299BA58000086806 /* ScriptsListView.swift in Sources */,
				DC75B46B299BA58000086806 /* ScriptModel.swift in Sources */,
				DC4E34CB2BB55A35004EB76C /* DependencyRegistry.swift in Sources */,
				DC5813D22BF77EC100C5C727 /* AlertHandler.swift in Sources */,
				DC44B8C52C4C0D79000D20E2 /* ScriptPresets.swift in Sources */,
				DC851CFA2BF4D2FF007EB396 /* SettingsHandler.swift in Sources */,
				DC2991D729A3830C00DBCAAD /* ScriptIcons.swift in Sources */,
				DC75B451299BA58000086806 /* SettingsShellView.swift in Sources */,
				DC75B447299BA57F00086806 /* ScriptHandler.swift in Sources */,
				DC89BF1D29DC387B0029D9CA /* ScriptHandlerProtocol.swift in Sources */,
				DC4E476D2BB5A60800DBE275 /* TagHandlerProtocol.swift in Sources */,
				DCF82FB229D1C1250085627D /* TagModel.swift in Sources */,
				DC75B450299BA58000086806 /* SettingsLoggingView.swift in Sources */,
				DC75B465299BA58000086806 /* MainView.swift in Sources */,
				DC75B45B299BA58000086806 /* ScriptRowView.swift in Sources */,
				DC75B443299BA57F00086806 /* ScriptManagerApp.swift in Sources */,
				DC275E3E2B7F885C003E35C6 /* ScriptTimeModel.swift in Sources */,
				DCDEB9DE2C4BA8E400C6BA31 /* ScriptProcessModel.swift in Sources */,
				DC1C1E3D2C57B3E000B9C216 /* CronJobHandlerProtocol.swift in Sources */,
				DC44B8B42C4BF832000D20E2 /* JSONProvider.swift in Sources */,
				DC1C1E3B2C57AD4C00B9C216 /* CronJobHandler.swift in Sources */,
				DC75B463299BA58000086806 /* ScriptRunButtonView.swift in Sources */,
				DCAEF26D2C4A549C004C922B /* ScriptPresetModel.swift in Sources */,
				DC851CFC2BF4D442007EB396 /* SettingsHandlerProtocol.swift in Sources */,
				DC44B8BC2C4BFAA9000D20E2 /* HintView.swift in Sources */,
				DCFA33F329DD592500807A0E /* NotificationHandlerProtocol.swift in Sources */,
				DC44B8B22C4BF7E5000D20E2 /* BackupProvider.swift in Sources */,
				DC1C1E372C57ACD600B9C216 /* CronJobModel.swift in Sources */,
				DC44B8C02C4BFEA6000D20E2 /* SettingsBackupView.swift in Sources */,
				DC79D0CA2C49A004001BF56F /* HeaderViewModel.swift in Sources */,
				DC44B8B82C4BF97A000D20E2 /* HintHandler.swift in Sources */,
				DC75B455299BA58000086806 /* SettingsUnicodeView.swift in Sources */,
				DC29E8242C46B28100F5FB3C /* DataModel.swift in Sources */,
				DC75B461299BA58000086806 /* ScriptStateButtonView.swift in Sources */,
				DC2991D529A382A800DBCAAD /* IconPickerView.swift in Sources */,
				DCF82FB629D1CDBF0085627D /* TagPickerView.swift in Sources */,
				DC44B8BA2C4BF9C3000D20E2 /* HintHandlerProtocol.swift in Sources */,
				DC4E34D22BB56298004EB76C /* DateExtension.swift in Sources */,
				DC75B448299BA57F00086806 /* StorageHandler.swift in Sources */,
				DC2E7A9C29C4A41C00B6CFFE /* SettingsAutostartView.swift in Sources */,
				DC5813D42BF77FC800C5C727 /* AlertHandlerProtocol.swift in Sources */,
				DC2A807629C892B700BF6DE7 /* SettingsShortcutView.swift in Sources */,
				DCFA33F129DD590E00807A0E /* NotificationProvider.swift in Sources */,
				DCF82FB429D1C33F0085627D /* TagsListView.swift in Sources */,
				DC75B456299BA58000086806 /* HelpView.swift in Sources */,
				DC44B8C72C4C0D81000D20E2 /* TagPreset.swift in Sources */,
				DC84CC1C29C9BB51006C8F07 /* ShortcutModel.swift in Sources */,
				DCF1E9FA2C3815BB00645223 /* AddModalView.swift in Sources */,
				DC4E476B2BB5A5B300DBE275 /* TagHandler.swift in Sources */,
				DC5528E229D86891008CD209 /* ScriptDetailButtonView.swift in Sources */,
				DC4E34D72BB56427004EB76C /* ShortcutsExtension.swift in Sources */,
				DC75B468299BA58000086806 /* SettingsModel.swift in Sources */,
				DC75B44E299BA58000086806 /* AppColor.swift in Sources */,
				DCAEF26F2C4A5A17004C922B /* SearchbarView.swift in Sources */,
				DC75B446299BA57F00086806 /* ScriptViewModel.swift in Sources */,
				DC75B444299BA57F00086806 /* SettingsViewModel.swift in Sources */,
				DCDCD6C129D7342F00529752 /* CustomButtonView.swift in Sources */,
				DC75B44A299BA57F00086806 /* Spacing.swift in Sources */,
				DCFA33F529DD5F2C00807A0E /* StorageHandlerProtocol.swift in Sources */,
				DCDA8F422C13273E00AD2B19 /* ModalHandlerProtocol.swift in Sources */,
				DC75B462299BA58000086806 /* ScriptDeleteButtonView.swift in Sources */,
				DC44B8BE2C4BFADA000D20E2 /* HintViewModel.swift in Sources */,
				DC75B46A299BA58000086806 /* ResultModel.swift in Sources */,
				DCA30BE42C57CBE7003F790E /* IntervalExtension.swift in Sources */,
				DC75B458299BA58000086806 /* WelcomeView.swift in Sources */,
				DC4E34CE2BB55FF9004EB76C /* StorageWrapper.swift in Sources */,
				DC105EEE2C11F5BA0023ABE7 /* ModalHandler.swift in Sources */,
				DC75B464299BA58000086806 /* ScriptRowLabelView.swift in Sources */,
				DC75B460299BA58000086806 /* ScriptDetailsView.swift in Sources */,
				DC5813D82BF7812400C5C727 /* MainViewModel.swift in Sources */,
				DC44B8B62C4BF85F000D20E2 /* UserdataModel.swift in Sources */,
				DCDEB9E02C4BB80D00C6BA31 /* InfoModal.swift in Sources */,
				DC44B8C22C4BFEEB000D20E2 /* BackupViewModel.swift in Sources */,
				DCDFAC4A29CB251600D538A2 /* TagViewModel.swift in Sources */,
				DC75B459299BA58000086806 /* HeaderView.swift in Sources */,
				DC5813D62BF7806900C5C727 /* AlertViewModel.swift in Sources */,
				DC5813D02BF77B4A00C5C727 /* AlertView.swift in Sources */,
				DC75B44F299BA58000086806 /* SettingsModalView.swift in Sources */,
				DC9558242C171A5A00BA7C34 /* ShortcutView.swift in Sources */,
			);
			runOnlyForDeploymentPostprocessing = 0;
		};
		DCDD16A82C57D5F700757547 /* Sources */ = {
			isa = PBXSourcesBuildPhase;
			buildActionMask = 2147483647;
			files = (
				DC00C2AA2C592F500081D7B4 /* ModalHandlerTests.swift in Sources */,
				DC46ED9C2C590DD00074B9F4 /* AlertHandlerTests.swift in Sources */,
				DC46ED9E2C590FC30074B9F4 /* HintHandlerTests.swift in Sources */,
				DC00C2A82C592EDD0081D7B4 /* TagHandlerTests.swift in Sources */,
				DCDD16B62C57DDEE00757547 /* IntervalTests.swift in Sources */,
				DC00C2A62C592DEB0081D7B4 /* SettingsHandlerTests.swift in Sources */,
				DC46EDA02C5912E20074B9F4 /* CronJobHandlerTests.swift in Sources */,
				DC46ED9A2C58EAB20074B9F4 /* ScriptHandlerTests.swift in Sources */,
			);
			runOnlyForDeploymentPostprocessing = 0;
		};
/* End PBXSourcesBuildPhase section */

/* Begin PBXTargetDependency section */
		DCDD16B42C57DCF800757547 /* PBXTargetDependency */ = {
			isa = PBXTargetDependency;
			target = DC0448F1298D2F38004B6389 /* ScriptManager */;
			targetProxy = DCDD16B32C57DCF800757547 /* PBXContainerItemProxy */;
		};
/* End PBXTargetDependency section */

/* Begin XCBuildConfiguration section */
		DC0448FF298D2F39004B6389 /* Debug */ = {
			isa = XCBuildConfiguration;
			buildSettings = {
				ALWAYS_SEARCH_USER_PATHS = NO;
				CLANG_ANALYZER_NONNULL = YES;
				CLANG_ANALYZER_NUMBER_OBJECT_CONVERSION = YES_AGGRESSIVE;
				CLANG_CXX_LANGUAGE_STANDARD = "gnu++20";
				CLANG_ENABLE_MODULES = YES;
				CLANG_ENABLE_OBJC_ARC = YES;
				CLANG_ENABLE_OBJC_WEAK = YES;
				CLANG_WARN_BLOCK_CAPTURE_AUTORELEASING = YES;
				CLANG_WARN_BOOL_CONVERSION = YES;
				CLANG_WARN_COMMA = YES;
				CLANG_WARN_CONSTANT_CONVERSION = YES;
				CLANG_WARN_DEPRECATED_OBJC_IMPLEMENTATIONS = YES;
				CLANG_WARN_DIRECT_OBJC_ISA_USAGE = YES_ERROR;
				CLANG_WARN_DOCUMENTATION_COMMENTS = YES;
				CLANG_WARN_EMPTY_BODY = YES;
				CLANG_WARN_ENUM_CONVERSION = YES;
				CLANG_WARN_INFINITE_RECURSION = YES;
				CLANG_WARN_INT_CONVERSION = YES;
				CLANG_WARN_NON_LITERAL_NULL_CONVERSION = YES;
				CLANG_WARN_OBJC_IMPLICIT_RETAIN_SELF = YES;
				CLANG_WARN_OBJC_LITERAL_CONVERSION = YES;
				CLANG_WARN_OBJC_ROOT_CLASS = YES_ERROR;
				CLANG_WARN_QUOTED_INCLUDE_IN_FRAMEWORK_HEADER = YES;
				CLANG_WARN_RANGE_LOOP_ANALYSIS = YES;
				CLANG_WARN_STRICT_PROTOTYPES = YES;
				CLANG_WARN_SUSPICIOUS_MOVE = YES;
				CLANG_WARN_UNGUARDED_AVAILABILITY = YES_AGGRESSIVE;
				CLANG_WARN_UNREACHABLE_CODE = YES;
				CLANG_WARN__DUPLICATE_METHOD_MATCH = YES;
				COPY_PHASE_STRIP = NO;
				DEBUG_INFORMATION_FORMAT = dwarf;
				ENABLE_STRICT_OBJC_MSGSEND = YES;
				ENABLE_TESTABILITY = YES;
				ENABLE_TESTING_SEARCH_PATHS = YES;
				GCC_C_LANGUAGE_STANDARD = gnu11;
				GCC_DYNAMIC_NO_PIC = NO;
				GCC_NO_COMMON_BLOCKS = YES;
				GCC_OPTIMIZATION_LEVEL = 0;
				GCC_PREPROCESSOR_DEFINITIONS = (
					"DEBUG=1",
					"$(inherited)",
				);
				GCC_WARN_64_TO_32_BIT_CONVERSION = YES;
				GCC_WARN_ABOUT_RETURN_TYPE = YES_ERROR;
				GCC_WARN_UNDECLARED_SELECTOR = YES;
				GCC_WARN_UNINITIALIZED_AUTOS = YES_AGGRESSIVE;
				GCC_WARN_UNUSED_FUNCTION = YES;
				GCC_WARN_UNUSED_VARIABLE = YES;
				MACOSX_DEPLOYMENT_TARGET = 13.1;
				MTL_ENABLE_DEBUG_INFO = INCLUDE_SOURCE;
				MTL_FAST_MATH = YES;
				ONLY_ACTIVE_ARCH = YES;
				SDKROOT = macosx;
				SWIFT_ACTIVE_COMPILATION_CONDITIONS = DEBUG;
				SWIFT_OPTIMIZATION_LEVEL = "-Onone";
			};
			name = Debug;
		};
		DC044900298D2F39004B6389 /* Release */ = {
			isa = XCBuildConfiguration;
			buildSettings = {
				ALWAYS_SEARCH_USER_PATHS = NO;
				CLANG_ANALYZER_NONNULL = YES;
				CLANG_ANALYZER_NUMBER_OBJECT_CONVERSION = YES_AGGRESSIVE;
				CLANG_CXX_LANGUAGE_STANDARD = "gnu++20";
				CLANG_ENABLE_MODULES = YES;
				CLANG_ENABLE_OBJC_ARC = YES;
				CLANG_ENABLE_OBJC_WEAK = YES;
				CLANG_WARN_BLOCK_CAPTURE_AUTORELEASING = YES;
				CLANG_WARN_BOOL_CONVERSION = YES;
				CLANG_WARN_COMMA = YES;
				CLANG_WARN_CONSTANT_CONVERSION = YES;
				CLANG_WARN_DEPRECATED_OBJC_IMPLEMENTATIONS = YES;
				CLANG_WARN_DIRECT_OBJC_ISA_USAGE = YES_ERROR;
				CLANG_WARN_DOCUMENTATION_COMMENTS = YES;
				CLANG_WARN_EMPTY_BODY = YES;
				CLANG_WARN_ENUM_CONVERSION = YES;
				CLANG_WARN_INFINITE_RECURSION = YES;
				CLANG_WARN_INT_CONVERSION = YES;
				CLANG_WARN_NON_LITERAL_NULL_CONVERSION = YES;
				CLANG_WARN_OBJC_IMPLICIT_RETAIN_SELF = YES;
				CLANG_WARN_OBJC_LITERAL_CONVERSION = YES;
				CLANG_WARN_OBJC_ROOT_CLASS = YES_ERROR;
				CLANG_WARN_QUOTED_INCLUDE_IN_FRAMEWORK_HEADER = YES;
				CLANG_WARN_RANGE_LOOP_ANALYSIS = YES;
				CLANG_WARN_STRICT_PROTOTYPES = YES;
				CLANG_WARN_SUSPICIOUS_MOVE = YES;
				CLANG_WARN_UNGUARDED_AVAILABILITY = YES_AGGRESSIVE;
				CLANG_WARN_UNREACHABLE_CODE = YES;
				CLANG_WARN__DUPLICATE_METHOD_MATCH = YES;
				COPY_PHASE_STRIP = NO;
				DEBUG_INFORMATION_FORMAT = "dwarf-with-dsym";
				ENABLE_NS_ASSERTIONS = NO;
				ENABLE_STRICT_OBJC_MSGSEND = YES;
				ENABLE_TESTING_SEARCH_PATHS = YES;
				GCC_C_LANGUAGE_STANDARD = gnu11;
				GCC_NO_COMMON_BLOCKS = YES;
				GCC_WARN_64_TO_32_BIT_CONVERSION = YES;
				GCC_WARN_ABOUT_RETURN_TYPE = YES_ERROR;
				GCC_WARN_UNDECLARED_SELECTOR = YES;
				GCC_WARN_UNINITIALIZED_AUTOS = YES_AGGRESSIVE;
				GCC_WARN_UNUSED_FUNCTION = YES;
				GCC_WARN_UNUSED_VARIABLE = YES;
				MACOSX_DEPLOYMENT_TARGET = 13.1;
				MTL_ENABLE_DEBUG_INFO = NO;
				MTL_FAST_MATH = YES;
				SDKROOT = macosx;
				SWIFT_COMPILATION_MODE = wholemodule;
				SWIFT_OPTIMIZATION_LEVEL = "-O";
			};
			name = Release;
		};
		DC044902298D2F39004B6389 /* Debug */ = {
			isa = XCBuildConfiguration;
			buildSettings = {
				ASSETCATALOG_COMPILER_APPICON_NAME = AppIcon;
				ASSETCATALOG_COMPILER_GLOBAL_ACCENT_COLOR_NAME = AccentColor;
				CLANG_ENABLE_MODULES = YES;
				CODE_SIGN_ENTITLEMENTS = ScriptManager/ScriptManager.entitlements;
				CODE_SIGN_STYLE = Automatic;
				COMBINE_HIDPI_IMAGES = YES;
				CURRENT_PROJECT_VERSION = 1;
				DEVELOPMENT_ASSET_PATHS = "\"ScriptManager/Preview Content\"";
				DEVELOPMENT_TEAM = MSM77R4CQ3;
				ENABLE_HARDENED_RUNTIME = YES;
				ENABLE_PREVIEWS = YES;
				ENABLE_TESTABILITY = YES;
				ENABLE_TESTING_SEARCH_PATHS = YES;
				GENERATE_INFOPLIST_FILE = YES;
				INFOPLIST_KEY_CFBundleDisplayName = ScriptManager;
				INFOPLIST_KEY_LSApplicationCategoryType = "public.app-category.productivity";
				INFOPLIST_KEY_LSUIElement = YES;
				INFOPLIST_KEY_NSHumanReadableCopyright = "";
				LD_RUNPATH_SEARCH_PATHS = (
					"$(inherited)",
					"@executable_path/../Frameworks",
				);
				MACOSX_DEPLOYMENT_TARGET = 14.0;
				MARKETING_VERSION = 1.0.5;
				PRODUCT_BUNDLE_IDENTIFIER = de.df.ScriptManager;
				PRODUCT_NAME = "$(TARGET_NAME)";
				SWIFT_EMIT_LOC_STRINGS = YES;
				SWIFT_ENFORCE_EXCLUSIVE_ACCESS = off;
				SWIFT_OPTIMIZATION_LEVEL = "-Onone";
				SWIFT_VERSION = 5.0;
			};
			name = Debug;
		};
		DC044903298D2F39004B6389 /* Release */ = {
			isa = XCBuildConfiguration;
			buildSettings = {
				ASSETCATALOG_COMPILER_APPICON_NAME = AppIcon;
				ASSETCATALOG_COMPILER_GLOBAL_ACCENT_COLOR_NAME = AccentColor;
				CLANG_ENABLE_MODULES = YES;
				CODE_SIGN_ENTITLEMENTS = ScriptManager/ScriptManager.entitlements;
				CODE_SIGN_STYLE = Automatic;
				COMBINE_HIDPI_IMAGES = YES;
				CURRENT_PROJECT_VERSION = 1;
				DEVELOPMENT_ASSET_PATHS = "\"ScriptManager/Preview Content\"";
				DEVELOPMENT_TEAM = MSM77R4CQ3;
				ENABLE_HARDENED_RUNTIME = YES;
				ENABLE_PREVIEWS = YES;
				ENABLE_TESTING_SEARCH_PATHS = YES;
				GENERATE_INFOPLIST_FILE = YES;
				INFOPLIST_KEY_CFBundleDisplayName = ScriptManager;
				INFOPLIST_KEY_LSApplicationCategoryType = "public.app-category.productivity";
				INFOPLIST_KEY_LSUIElement = YES;
				INFOPLIST_KEY_NSHumanReadableCopyright = "";
				LD_RUNPATH_SEARCH_PATHS = (
					"$(inherited)",
					"@executable_path/../Frameworks",
				);
				MACOSX_DEPLOYMENT_TARGET = 14.0;
				MARKETING_VERSION = 1.0.5;
				PRODUCT_BUNDLE_IDENTIFIER = de.df.ScriptManager;
				PRODUCT_NAME = "$(TARGET_NAME)";
				SWIFT_EMIT_LOC_STRINGS = YES;
				SWIFT_ENFORCE_EXCLUSIVE_ACCESS = off;
				SWIFT_VERSION = 5.0;
			};
			name = Release;
		};
		DCDD16B12C57D5F700757547 /* Debug */ = {
			isa = XCBuildConfiguration;
			buildSettings = {
				ASSETCATALOG_COMPILER_GENERATE_SWIFT_ASSET_SYMBOL_EXTENSIONS = YES;
				BUNDLE_LOADER = "$(TEST_HOST)";
				CODE_SIGN_STYLE = Automatic;
				CURRENT_PROJECT_VERSION = 1;
				DEVELOPMENT_TEAM = MSM77R4CQ3;
				ENABLE_USER_SCRIPT_SANDBOXING = YES;
				GCC_C_LANGUAGE_STANDARD = gnu17;
				GENERATE_INFOPLIST_FILE = YES;
				IPHONEOS_DEPLOYMENT_TARGET = 18.0;
				LOCALIZATION_PREFERS_STRING_CATALOGS = YES;
				MACOSX_DEPLOYMENT_TARGET = 14.0;
				MARKETING_VERSION = 1.0;
				PRODUCT_BUNDLE_IDENTIFIER = de.df.Tests;
				PRODUCT_NAME = "$(TARGET_NAME)";
				REGISTER_APP_GROUPS = YES;
				SDKROOT = iphoneos;
				SUPPORTED_PLATFORMS = macosx;
				SUPPORTS_MACCATALYST = NO;
				SUPPORTS_MAC_DESIGNED_FOR_IPHONE_IPAD = NO;
				SUPPORTS_XR_DESIGNED_FOR_IPHONE_IPAD = NO;
				SWIFT_ACTIVE_COMPILATION_CONDITIONS = "DEBUG $(inherited)";
				SWIFT_EMIT_LOC_STRINGS = NO;
				SWIFT_VERSION = 5.0;
				TEST_HOST = "$(BUILT_PRODUCTS_DIR)/ScriptManager.app/$(BUNDLE_EXECUTABLE_FOLDER_PATH)/ScriptManager";
			};
			name = Debug;
		};
		DCDD16B22C57D5F700757547 /* Release */ = {
			isa = XCBuildConfiguration;
			buildSettings = {
				ASSETCATALOG_COMPILER_GENERATE_SWIFT_ASSET_SYMBOL_EXTENSIONS = YES;
				BUNDLE_LOADER = "$(TEST_HOST)";
				CODE_SIGN_STYLE = Automatic;
				CURRENT_PROJECT_VERSION = 1;
				DEVELOPMENT_TEAM = MSM77R4CQ3;
				ENABLE_USER_SCRIPT_SANDBOXING = YES;
				GCC_C_LANGUAGE_STANDARD = gnu17;
				GENERATE_INFOPLIST_FILE = YES;
				IPHONEOS_DEPLOYMENT_TARGET = 18.0;
				LOCALIZATION_PREFERS_STRING_CATALOGS = YES;
				MACOSX_DEPLOYMENT_TARGET = 14.0;
				MARKETING_VERSION = 1.0;
				PRODUCT_BUNDLE_IDENTIFIER = de.df.Tests;
				PRODUCT_NAME = "$(TARGET_NAME)";
				REGISTER_APP_GROUPS = YES;
				SDKROOT = iphoneos;
				SUPPORTED_PLATFORMS = macosx;
				SUPPORTS_MACCATALYST = NO;
				SUPPORTS_MAC_DESIGNED_FOR_IPHONE_IPAD = NO;
				SUPPORTS_XR_DESIGNED_FOR_IPHONE_IPAD = NO;
				SWIFT_EMIT_LOC_STRINGS = NO;
				SWIFT_VERSION = 5.0;
				TEST_HOST = "$(BUILT_PRODUCTS_DIR)/ScriptManager.app/$(BUNDLE_EXECUTABLE_FOLDER_PATH)/ScriptManager";
				VALIDATE_PRODUCT = YES;
			};
			name = Release;
		};
/* End XCBuildConfiguration section */

/* Begin XCConfigurationList section */
		DC0448ED298D2F38004B6389 /* Build configuration list for PBXProject "ScriptManager" */ = {
			isa = XCConfigurationList;
			buildConfigurations = (
				DC0448FF298D2F39004B6389 /* Debug */,
				DC044900298D2F39004B6389 /* Release */,
			);
			defaultConfigurationIsVisible = 0;
			defaultConfigurationName = Release;
		};
		DC044901298D2F39004B6389 /* Build configuration list for PBXNativeTarget "ScriptManager" */ = {
			isa = XCConfigurationList;
			buildConfigurations = (
				DC044902298D2F39004B6389 /* Debug */,
				DC044903298D2F39004B6389 /* Release */,
			);
			defaultConfigurationIsVisible = 0;
			defaultConfigurationName = Release;
		};
		DCDD16B02C57D5F700757547 /* Build configuration list for PBXNativeTarget "Tests" */ = {
			isa = XCConfigurationList;
			buildConfigurations = (
				DCDD16B12C57D5F700757547 /* Debug */,
				DCDD16B22C57D5F700757547 /* Release */,
			);
			defaultConfigurationIsVisible = 0;
			defaultConfigurationName = Release;
		};
/* End XCConfigurationList section */

/* Begin XCRemoteSwiftPackageReference section */
		DC2E7A9829C4A40200B6CFFE /* XCRemoteSwiftPackageReference "LaunchAtLogin-Modern" */ = {
			isa = XCRemoteSwiftPackageReference;
			repositoryURL = "https://github.com/sindresorhus/LaunchAtLogin-Modern";
			requirement = {
				branch = main;
				kind = branch;
			};
		};
		DC2E7A9D29C4A6FE00B6CFFE /* XCRemoteSwiftPackageReference "KeyboardShortcuts" */ = {
			isa = XCRemoteSwiftPackageReference;
			repositoryURL = "https://github.com/sindresorhus/KeyboardShortcuts";
			requirement = {
				branch = main;
				kind = branch;
			};
		};
		DC4E34C32BB55A17004EB76C /* XCRemoteSwiftPackageReference "Resolver" */ = {
			isa = XCRemoteSwiftPackageReference;
			repositoryURL = "https://github.com/hmlongco/Resolver.git";
			requirement = {
				kind = upToNextMajorVersion;
				minimumVersion = 1.5.0;
			};
		};
		DCAEF2692C4A50C4004C922B /* XCRemoteSwiftPackageReference "CodeEditor" */ = {
			isa = XCRemoteSwiftPackageReference;
			repositoryURL = "https://github.com/ZeeZide/CodeEditor.git";
			requirement = {
				kind = upToNextMajorVersion;
				minimumVersion = 1.2.6;
			};
		};
		DCDA8F432C13320E00AD2B19 /* XCRemoteSwiftPackageReference "ConfettiSwiftUI" */ = {
			isa = XCRemoteSwiftPackageReference;
			repositoryURL = "https://github.com/simibac/ConfettiSwiftUI.git";
			requirement = {
				kind = upToNextMajorVersion;
				minimumVersion = 1.1.0;
			};
		};
		DCDCD6BC29D7305E00529752 /* XCRemoteSwiftPackageReference "AlertToast" */ = {
			isa = XCRemoteSwiftPackageReference;
			repositoryURL = "https://github.com/elai950/AlertToast.git";
			requirement = {
				branch = master;
				kind = branch;
			};
		};
/* End XCRemoteSwiftPackageReference section */

/* Begin XCSwiftPackageProductDependency section */
		DC2E7A9929C4A40200B6CFFE /* LaunchAtLogin */ = {
			isa = XCSwiftPackageProductDependency;
			package = DC2E7A9829C4A40200B6CFFE /* XCRemoteSwiftPackageReference "LaunchAtLogin-Modern" */;
			productName = LaunchAtLogin;
		};
		DC2E7A9E29C4A6FE00B6CFFE /* KeyboardShortcuts */ = {
			isa = XCSwiftPackageProductDependency;
			package = DC2E7A9D29C4A6FE00B6CFFE /* XCRemoteSwiftPackageReference "KeyboardShortcuts" */;
			productName = KeyboardShortcuts;
		};
		DC4E34C42BB55A17004EB76C /* Resolver */ = {
			isa = XCSwiftPackageProductDependency;
			package = DC4E34C32BB55A17004EB76C /* XCRemoteSwiftPackageReference "Resolver" */;
			productName = Resolver;
		};
		DC4E34C82BB55A17004EB76C /* Resolver-Static */ = {
			isa = XCSwiftPackageProductDependency;
			package = DC4E34C32BB55A17004EB76C /* XCRemoteSwiftPackageReference "Resolver" */;
			productName = "Resolver-Static";
		};
		DCAEF26A2C4A50C4004C922B /* CodeEditor */ = {
			isa = XCSwiftPackageProductDependency;
			package = DCAEF2692C4A50C4004C922B /* XCRemoteSwiftPackageReference "CodeEditor" */;
			productName = CodeEditor;
		};
		DCDA8F442C13320E00AD2B19 /* ConfettiSwiftUI */ = {
			isa = XCSwiftPackageProductDependency;
			package = DCDA8F432C13320E00AD2B19 /* XCRemoteSwiftPackageReference "ConfettiSwiftUI" */;
			productName = ConfettiSwiftUI;
		};
		DCDCD6BD29D7305E00529752 /* AlertToast */ = {
			isa = XCSwiftPackageProductDependency;
			package = DCDCD6BC29D7305E00529752 /* XCRemoteSwiftPackageReference "AlertToast" */;
			productName = AlertToast;
		};
/* End XCSwiftPackageProductDependency section */
	};
	rootObject = DC0448EA298D2F38004B6389 /* Project object */;
}
