// !$*UTF8*$!
{
	archiveVersion = 1;
	classes = {
	};
	objectVersion = 56;
	objects = {

/* Begin PBXBuildFile section */
		DC0448FA298D2F39004B6389 /* Assets.xcassets in Resources */ = {isa = PBXBuildFile; fileRef = DC0448F9298D2F39004B6389 /* Assets.xcassets */; };
		DC0448FD298D2F39004B6389 /* Preview Assets.xcassets in Resources */ = {isa = PBXBuildFile; fileRef = DC0448FC298D2F39004B6389 /* Preview Assets.xcassets */; };
		DC044912298D4046004B6389 /* Colors.xcassets in Resources */ = {isa = PBXBuildFile; fileRef = DC044911298D4046004B6389 /* Colors.xcassets */; };
		DC2991D529A382A800DBCAAD /* IconPickerView.swift in Sources */ = {isa = PBXBuildFile; fileRef = DC2991D429A382A800DBCAAD /* IconPickerView.swift */; };
		DC2991D729A3830C00DBCAAD /* ScriptIcons.swift in Sources */ = {isa = PBXBuildFile; fileRef = DC2991D629A3830C00DBCAAD /* ScriptIcons.swift */; };
		DC75B443299BA57F00086806 /* ScriptManagerApp.swift in Sources */ = {isa = PBXBuildFile; fileRef = DC75B40F299BA57F00086806 /* ScriptManagerApp.swift */; };
		DC75B444299BA57F00086806 /* SettingsViewModel.swift in Sources */ = {isa = PBXBuildFile; fileRef = DC75B411299BA57F00086806 /* SettingsViewModel.swift */; };
		DC75B446299BA57F00086806 /* ScriptsViewModel.swift in Sources */ = {isa = PBXBuildFile; fileRef = DC75B413299BA57F00086806 /* ScriptsViewModel.swift */; };
		DC75B447299BA57F00086806 /* ScriptHandler.swift in Sources */ = {isa = PBXBuildFile; fileRef = DC75B415299BA57F00086806 /* ScriptHandler.swift */; };
		DC75B448299BA57F00086806 /* StorageHandler.swift in Sources */ = {isa = PBXBuildFile; fileRef = DC75B416299BA57F00086806 /* StorageHandler.swift */; };
		DC75B449299BA57F00086806 /* FontSize.swift in Sources */ = {isa = PBXBuildFile; fileRef = DC75B418299BA57F00086806 /* FontSize.swift */; };
		DC75B44A299BA57F00086806 /* Spacing.swift in Sources */ = {isa = PBXBuildFile; fileRef = DC75B419299BA57F00086806 /* Spacing.swift */; };
		DC75B44B299BA58000086806 /* IconSize.swift in Sources */ = {isa = PBXBuildFile; fileRef = DC75B41A299BA57F00086806 /* IconSize.swift */; };
		DC75B44C299BA58000086806 /* DefaultScript.swift in Sources */ = {isa = PBXBuildFile; fileRef = DC75B41B299BA57F00086806 /* DefaultScript.swift */; };
		DC75B44D299BA58000086806 /* DefaultSettings.swift in Sources */ = {isa = PBXBuildFile; fileRef = DC75B41C299BA57F00086806 /* DefaultSettings.swift */; };
		DC75B44E299BA58000086806 /* Color.swift in Sources */ = {isa = PBXBuildFile; fileRef = DC75B41D299BA57F00086806 /* Color.swift */; };
		DC75B44F299BA58000086806 /* SettingsView.swift in Sources */ = {isa = PBXBuildFile; fileRef = DC75B420299BA57F00086806 /* SettingsView.swift */; };
		DC75B450299BA58000086806 /* SettingsLoggingView.swift in Sources */ = {isa = PBXBuildFile; fileRef = DC75B421299BA57F00086806 /* SettingsLoggingView.swift */; };
		DC75B451299BA58000086806 /* SettingsShellView.swift in Sources */ = {isa = PBXBuildFile; fileRef = DC75B422299BA57F00086806 /* SettingsShellView.swift */; };
		DC75B452299BA58000086806 /* SettingsNotificationsView.swift in Sources */ = {isa = PBXBuildFile; fileRef = DC75B423299BA57F00086806 /* SettingsNotificationsView.swift */; };
		DC75B453299BA58000086806 /* SettingsSaveButtonView.swift in Sources */ = {isa = PBXBuildFile; fileRef = DC75B425299BA57F00086806 /* SettingsSaveButtonView.swift */; };
		DC75B454299BA58000086806 /* SettingsDeleteButtonView.swift in Sources */ = {isa = PBXBuildFile; fileRef = DC75B426299BA57F00086806 /* SettingsDeleteButtonView.swift */; };
		DC75B455299BA58000086806 /* SettingsUnicodeView.swift in Sources */ = {isa = PBXBuildFile; fileRef = DC75B427299BA57F00086806 /* SettingsUnicodeView.swift */; };
		DC75B456299BA58000086806 /* HintView.swift in Sources */ = {isa = PBXBuildFile; fileRef = DC75B428299BA57F00086806 /* HintView.swift */; };
		DC75B457299BA58000086806 /* AddGroupView.swift in Sources */ = {isa = PBXBuildFile; fileRef = DC75B42A299BA57F00086806 /* AddGroupView.swift */; };
		DC75B458299BA58000086806 /* WelcomeView.swift in Sources */ = {isa = PBXBuildFile; fileRef = DC75B42B299BA57F00086806 /* WelcomeView.swift */; };
		DC75B459299BA58000086806 /* HeaderView.swift in Sources */ = {isa = PBXBuildFile; fileRef = DC75B42C299BA57F00086806 /* HeaderView.swift */; };
		DC75B45B299BA58000086806 /* ScriptRowView.swift in Sources */ = {isa = PBXBuildFile; fileRef = DC75B42F299BA57F00086806 /* ScriptRowView.swift */; };
		DC75B45C299BA58000086806 /* ScriptsListView.swift in Sources */ = {isa = PBXBuildFile; fileRef = DC75B430299BA57F00086806 /* ScriptsListView.swift */; };
		DC75B45D299BA58000086806 /* SaveScriptButtonView.swift in Sources */ = {isa = PBXBuildFile; fileRef = DC75B432299BA57F00086806 /* SaveScriptButtonView.swift */; };
		DC75B45E299BA58000086806 /* TestScriptButtonView.swift in Sources */ = {isa = PBXBuildFile; fileRef = DC75B433299BA57F00086806 /* TestScriptButtonView.swift */; };
		DC75B45F299BA58000086806 /* AddScriptView.swift in Sources */ = {isa = PBXBuildFile; fileRef = DC75B434299BA57F00086806 /* AddScriptView.swift */; };
		DC75B460299BA58000086806 /* ScriptDetailsView.swift in Sources */ = {isa = PBXBuildFile; fileRef = DC75B435299BA57F00086806 /* ScriptDetailsView.swift */; };
		DC75B461299BA58000086806 /* ScriptStateButtonView.swift in Sources */ = {isa = PBXBuildFile; fileRef = DC75B437299BA57F00086806 /* ScriptStateButtonView.swift */; };
		DC75B462299BA58000086806 /* ScriptDeleteButtonView.swift in Sources */ = {isa = PBXBuildFile; fileRef = DC75B438299BA57F00086806 /* ScriptDeleteButtonView.swift */; };
		DC75B463299BA58000086806 /* ScriptRunButtonView.swift in Sources */ = {isa = PBXBuildFile; fileRef = DC75B439299BA57F00086806 /* ScriptRunButtonView.swift */; };
		DC75B464299BA58000086806 /* ScriptRowLabelView.swift in Sources */ = {isa = PBXBuildFile; fileRef = DC75B43A299BA57F00086806 /* ScriptRowLabelView.swift */; };
		DC75B465299BA58000086806 /* MainView.swift in Sources */ = {isa = PBXBuildFile; fileRef = DC75B43B299BA57F00086806 /* MainView.swift */; };
		DC75B466299BA58000086806 /* GroupView.swift in Sources */ = {isa = PBXBuildFile; fileRef = DC75B43C299BA57F00086806 /* GroupView.swift */; };
		DC75B467299BA58000086806 /* ShellModel.swift in Sources */ = {isa = PBXBuildFile; fileRef = DC75B43E299BA57F00086806 /* ShellModel.swift */; };
		DC75B468299BA58000086806 /* SettingsModel.swift in Sources */ = {isa = PBXBuildFile; fileRef = DC75B43F299BA57F00086806 /* SettingsModel.swift */; };
		DC75B469299BA58000086806 /* LanguageModel.swift in Sources */ = {isa = PBXBuildFile; fileRef = DC75B440299BA57F00086806 /* LanguageModel.swift */; };
		DC75B46A299BA58000086806 /* ResultModel.swift in Sources */ = {isa = PBXBuildFile; fileRef = DC75B441299BA57F00086806 /* ResultModel.swift */; };
		DC75B46B299BA58000086806 /* ScriptModel.swift in Sources */ = {isa = PBXBuildFile; fileRef = DC75B442299BA57F00086806 /* ScriptModel.swift */; };
		DC889DBE29A3B6D80006B0DF /* ScriptEditButtonView.swift in Sources */ = {isa = PBXBuildFile; fileRef = DC889DBD29A3B6D80006B0DF /* ScriptEditButtonView.swift */; };
		DC889DC029A3B7420006B0DF /* ScriptLogButtonView.swift in Sources */ = {isa = PBXBuildFile; fileRef = DC889DBF29A3B7420006B0DF /* ScriptLogButtonView.swift */; };
		DC889DC229A3B9210006B0DF /* EditScriptView.swift in Sources */ = {isa = PBXBuildFile; fileRef = DC889DC129A3B9210006B0DF /* EditScriptView.swift */; };
		DC987BF1298FEC9D00129145 /* Localizable.strings in Resources */ = {isa = PBXBuildFile; fileRef = DC987BF3298FEC9D00129145 /* Localizable.strings */; };
		DCDF0F9529A4B70600057C1E /* SaveChangesButtonView.swift in Sources */ = {isa = PBXBuildFile; fileRef = DCDF0F9429A4B70600057C1E /* SaveChangesButtonView.swift */; };
		DCDF0F9729A4B71500057C1E /* DeleteChangesButtonView.swift in Sources */ = {isa = PBXBuildFile; fileRef = DCDF0F9629A4B71500057C1E /* DeleteChangesButtonView.swift */; };
/* End PBXBuildFile section */

/* Begin PBXFileReference section */
		DC0448F2298D2F38004B6389 /* ScriptManager.app */ = {isa = PBXFileReference; explicitFileType = wrapper.application; includeInIndex = 0; path = ScriptManager.app; sourceTree = BUILT_PRODUCTS_DIR; };
		DC0448F9298D2F39004B6389 /* Assets.xcassets */ = {isa = PBXFileReference; lastKnownFileType = folder.assetcatalog; path = Assets.xcassets; sourceTree = "<group>"; };
		DC0448FC298D2F39004B6389 /* Preview Assets.xcassets */ = {isa = PBXFileReference; lastKnownFileType = folder.assetcatalog; path = "Preview Assets.xcassets"; sourceTree = "<group>"; };
		DC0448FE298D2F39004B6389 /* ScriptManager.entitlements */ = {isa = PBXFileReference; lastKnownFileType = text.plist.entitlements; path = ScriptManager.entitlements; sourceTree = "<group>"; };
		DC044911298D4046004B6389 /* Colors.xcassets */ = {isa = PBXFileReference; lastKnownFileType = folder.assetcatalog; path = Colors.xcassets; sourceTree = "<group>"; };
		DC2991D429A382A800DBCAAD /* IconPickerView.swift */ = {isa = PBXFileReference; lastKnownFileType = sourcecode.swift; path = IconPickerView.swift; sourceTree = "<group>"; };
		DC2991D629A3830C00DBCAAD /* ScriptIcons.swift */ = {isa = PBXFileReference; lastKnownFileType = sourcecode.swift; path = ScriptIcons.swift; sourceTree = "<group>"; };
		DC75B40F299BA57F00086806 /* ScriptManagerApp.swift */ = {isa = PBXFileReference; fileEncoding = 4; lastKnownFileType = sourcecode.swift; path = ScriptManagerApp.swift; sourceTree = "<group>"; };
		DC75B411299BA57F00086806 /* SettingsViewModel.swift */ = {isa = PBXFileReference; fileEncoding = 4; lastKnownFileType = sourcecode.swift; path = SettingsViewModel.swift; sourceTree = "<group>"; };
		DC75B413299BA57F00086806 /* ScriptsViewModel.swift */ = {isa = PBXFileReference; fileEncoding = 4; lastKnownFileType = sourcecode.swift; path = ScriptsViewModel.swift; sourceTree = "<group>"; };
		DC75B415299BA57F00086806 /* ScriptHandler.swift */ = {isa = PBXFileReference; fileEncoding = 4; lastKnownFileType = sourcecode.swift; path = ScriptHandler.swift; sourceTree = "<group>"; };
		DC75B416299BA57F00086806 /* StorageHandler.swift */ = {isa = PBXFileReference; fileEncoding = 4; lastKnownFileType = sourcecode.swift; path = StorageHandler.swift; sourceTree = "<group>"; };
		DC75B418299BA57F00086806 /* FontSize.swift */ = {isa = PBXFileReference; fileEncoding = 4; lastKnownFileType = sourcecode.swift; path = FontSize.swift; sourceTree = "<group>"; };
		DC75B419299BA57F00086806 /* Spacing.swift */ = {isa = PBXFileReference; fileEncoding = 4; lastKnownFileType = sourcecode.swift; path = Spacing.swift; sourceTree = "<group>"; };
		DC75B41A299BA57F00086806 /* IconSize.swift */ = {isa = PBXFileReference; fileEncoding = 4; lastKnownFileType = sourcecode.swift; path = IconSize.swift; sourceTree = "<group>"; };
		DC75B41B299BA57F00086806 /* DefaultScript.swift */ = {isa = PBXFileReference; fileEncoding = 4; lastKnownFileType = sourcecode.swift; path = DefaultScript.swift; sourceTree = "<group>"; };
		DC75B41C299BA57F00086806 /* DefaultSettings.swift */ = {isa = PBXFileReference; fileEncoding = 4; lastKnownFileType = sourcecode.swift; path = DefaultSettings.swift; sourceTree = "<group>"; };
		DC75B41D299BA57F00086806 /* Color.swift */ = {isa = PBXFileReference; fileEncoding = 4; lastKnownFileType = sourcecode.swift; path = Color.swift; sourceTree = "<group>"; };
		DC75B420299BA57F00086806 /* SettingsView.swift */ = {isa = PBXFileReference; fileEncoding = 4; lastKnownFileType = sourcecode.swift; path = SettingsView.swift; sourceTree = "<group>"; };
		DC75B421299BA57F00086806 /* SettingsLoggingView.swift */ = {isa = PBXFileReference; fileEncoding = 4; lastKnownFileType = sourcecode.swift; path = SettingsLoggingView.swift; sourceTree = "<group>"; };
		DC75B422299BA57F00086806 /* SettingsShellView.swift */ = {isa = PBXFileReference; fileEncoding = 4; lastKnownFileType = sourcecode.swift; path = SettingsShellView.swift; sourceTree = "<group>"; };
		DC75B423299BA57F00086806 /* SettingsNotificationsView.swift */ = {isa = PBXFileReference; fileEncoding = 4; lastKnownFileType = sourcecode.swift; path = SettingsNotificationsView.swift; sourceTree = "<group>"; };
		DC75B425299BA57F00086806 /* SettingsSaveButtonView.swift */ = {isa = PBXFileReference; fileEncoding = 4; lastKnownFileType = sourcecode.swift; path = SettingsSaveButtonView.swift; sourceTree = "<group>"; };
		DC75B426299BA57F00086806 /* SettingsDeleteButtonView.swift */ = {isa = PBXFileReference; fileEncoding = 4; lastKnownFileType = sourcecode.swift; path = SettingsDeleteButtonView.swift; sourceTree = "<group>"; };
		DC75B427299BA57F00086806 /* SettingsUnicodeView.swift */ = {isa = PBXFileReference; fileEncoding = 4; lastKnownFileType = sourcecode.swift; path = SettingsUnicodeView.swift; sourceTree = "<group>"; };
		DC75B428299BA57F00086806 /* HintView.swift */ = {isa = PBXFileReference; fileEncoding = 4; lastKnownFileType = sourcecode.swift; path = HintView.swift; sourceTree = "<group>"; };
		DC75B42A299BA57F00086806 /* AddGroupView.swift */ = {isa = PBXFileReference; fileEncoding = 4; lastKnownFileType = sourcecode.swift; path = AddGroupView.swift; sourceTree = "<group>"; };
		DC75B42B299BA57F00086806 /* WelcomeView.swift */ = {isa = PBXFileReference; fileEncoding = 4; lastKnownFileType = sourcecode.swift; path = WelcomeView.swift; sourceTree = "<group>"; };
		DC75B42C299BA57F00086806 /* HeaderView.swift */ = {isa = PBXFileReference; fileEncoding = 4; lastKnownFileType = sourcecode.swift; path = HeaderView.swift; sourceTree = "<group>"; };
		DC75B42F299BA57F00086806 /* ScriptRowView.swift */ = {isa = PBXFileReference; fileEncoding = 4; lastKnownFileType = sourcecode.swift; path = ScriptRowView.swift; sourceTree = "<group>"; };
		DC75B430299BA57F00086806 /* ScriptsListView.swift */ = {isa = PBXFileReference; fileEncoding = 4; lastKnownFileType = sourcecode.swift; path = ScriptsListView.swift; sourceTree = "<group>"; };
		DC75B432299BA57F00086806 /* SaveScriptButtonView.swift */ = {isa = PBXFileReference; fileEncoding = 4; lastKnownFileType = sourcecode.swift; path = SaveScriptButtonView.swift; sourceTree = "<group>"; };
		DC75B433299BA57F00086806 /* TestScriptButtonView.swift */ = {isa = PBXFileReference; fileEncoding = 4; lastKnownFileType = sourcecode.swift; path = TestScriptButtonView.swift; sourceTree = "<group>"; };
		DC75B434299BA57F00086806 /* AddScriptView.swift */ = {isa = PBXFileReference; fileEncoding = 4; lastKnownFileType = sourcecode.swift; path = AddScriptView.swift; sourceTree = "<group>"; };
		DC75B435299BA57F00086806 /* ScriptDetailsView.swift */ = {isa = PBXFileReference; fileEncoding = 4; lastKnownFileType = sourcecode.swift; path = ScriptDetailsView.swift; sourceTree = "<group>"; };
		DC75B437299BA57F00086806 /* ScriptStateButtonView.swift */ = {isa = PBXFileReference; fileEncoding = 4; lastKnownFileType = sourcecode.swift; path = ScriptStateButtonView.swift; sourceTree = "<group>"; };
		DC75B438299BA57F00086806 /* ScriptDeleteButtonView.swift */ = {isa = PBXFileReference; fileEncoding = 4; lastKnownFileType = sourcecode.swift; path = ScriptDeleteButtonView.swift; sourceTree = "<group>"; };
		DC75B439299BA57F00086806 /* ScriptRunButtonView.swift */ = {isa = PBXFileReference; fileEncoding = 4; lastKnownFileType = sourcecode.swift; path = ScriptRunButtonView.swift; sourceTree = "<group>"; };
		DC75B43A299BA57F00086806 /* ScriptRowLabelView.swift */ = {isa = PBXFileReference; fileEncoding = 4; lastKnownFileType = sourcecode.swift; path = ScriptRowLabelView.swift; sourceTree = "<group>"; };
		DC75B43B299BA57F00086806 /* MainView.swift */ = {isa = PBXFileReference; fileEncoding = 4; lastKnownFileType = sourcecode.swift; path = MainView.swift; sourceTree = "<group>"; };
		DC75B43C299BA57F00086806 /* GroupView.swift */ = {isa = PBXFileReference; fileEncoding = 4; lastKnownFileType = sourcecode.swift; path = GroupView.swift; sourceTree = "<group>"; };
		DC75B43E299BA57F00086806 /* ShellModel.swift */ = {isa = PBXFileReference; fileEncoding = 4; lastKnownFileType = sourcecode.swift; path = ShellModel.swift; sourceTree = "<group>"; };
		DC75B43F299BA57F00086806 /* SettingsModel.swift */ = {isa = PBXFileReference; fileEncoding = 4; lastKnownFileType = sourcecode.swift; path = SettingsModel.swift; sourceTree = "<group>"; };
		DC75B440299BA57F00086806 /* LanguageModel.swift */ = {isa = PBXFileReference; fileEncoding = 4; lastKnownFileType = sourcecode.swift; path = LanguageModel.swift; sourceTree = "<group>"; };
		DC75B441299BA57F00086806 /* ResultModel.swift */ = {isa = PBXFileReference; fileEncoding = 4; lastKnownFileType = sourcecode.swift; path = ResultModel.swift; sourceTree = "<group>"; };
		DC75B442299BA57F00086806 /* ScriptModel.swift */ = {isa = PBXFileReference; fileEncoding = 4; lastKnownFileType = sourcecode.swift; path = ScriptModel.swift; sourceTree = "<group>"; };
		DC889DBD29A3B6D80006B0DF /* ScriptEditButtonView.swift */ = {isa = PBXFileReference; lastKnownFileType = sourcecode.swift; path = ScriptEditButtonView.swift; sourceTree = "<group>"; };
		DC889DBF29A3B7420006B0DF /* ScriptLogButtonView.swift */ = {isa = PBXFileReference; lastKnownFileType = sourcecode.swift; path = ScriptLogButtonView.swift; sourceTree = "<group>"; };
		DC889DC129A3B9210006B0DF /* EditScriptView.swift */ = {isa = PBXFileReference; lastKnownFileType = sourcecode.swift; path = EditScriptView.swift; sourceTree = "<group>"; };
		DC987BF2298FEC9D00129145 /* de */ = {isa = PBXFileReference; lastKnownFileType = text.plist.strings; name = de; path = de.lproj/Localizable.strings; sourceTree = "<group>"; };
		DC987BF4298FECB700129145 /* en */ = {isa = PBXFileReference; lastKnownFileType = text.plist.strings; name = en; path = en.lproj/Localizable.strings; sourceTree = "<group>"; };
		DCDF0F9429A4B70600057C1E /* SaveChangesButtonView.swift */ = {isa = PBXFileReference; lastKnownFileType = sourcecode.swift; path = SaveChangesButtonView.swift; sourceTree = "<group>"; };
		DCDF0F9629A4B71500057C1E /* DeleteChangesButtonView.swift */ = {isa = PBXFileReference; lastKnownFileType = sourcecode.swift; path = DeleteChangesButtonView.swift; sourceTree = "<group>"; };
/* End PBXFileReference section */

/* Begin PBXFrameworksBuildPhase section */
		DC0448EF298D2F38004B6389 /* Frameworks */ = {
			isa = PBXFrameworksBuildPhase;
			buildActionMask = 2147483647;
			files = (
			);
			runOnlyForDeploymentPostprocessing = 0;
		};
/* End PBXFrameworksBuildPhase section */

/* Begin PBXGroup section */
		DC0448E9298D2F38004B6389 = {
			isa = PBXGroup;
			children = (
				DC0448F4298D2F38004B6389 /* ScriptManager */,
				DC0448F3298D2F38004B6389 /* Products */,
			);
			sourceTree = "<group>";
		};
		DC0448F3298D2F38004B6389 /* Products */ = {
			isa = PBXGroup;
			children = (
				DC0448F2298D2F38004B6389 /* ScriptManager.app */,
			);
			name = Products;
			sourceTree = "<group>";
		};
		DC0448F4298D2F38004B6389 /* ScriptManager */ = {
			isa = PBXGroup;
			children = (
				DC75B40F299BA57F00086806 /* ScriptManagerApp.swift */,
				DC75B414299BA57F00086806 /* Handler */,
				DC75B43D299BA57F00086806 /* Models */,
				DC75B417299BA57F00086806 /* Utils */,
				DC75B410299BA57F00086806 /* ViewModels */,
				DC75B41E299BA57F00086806 /* Views */,
				DC0448F9298D2F39004B6389 /* Assets.xcassets */,
				DC044911298D4046004B6389 /* Colors.xcassets */,
				DC0448FE298D2F39004B6389 /* ScriptManager.entitlements */,
				DC987BF3298FEC9D00129145 /* Localizable.strings */,
				DC0448FB298D2F39004B6389 /* Preview Content */,
			);
			path = ScriptManager;
			sourceTree = "<group>";
		};
		DC0448FB298D2F39004B6389 /* Preview Content */ = {
			isa = PBXGroup;
			children = (
				DC0448FC298D2F39004B6389 /* Preview Assets.xcassets */,
			);
			path = "Preview Content";
			sourceTree = "<group>";
		};
		DC75B410299BA57F00086806 /* ViewModels */ = {
			isa = PBXGroup;
			children = (
				DC75B411299BA57F00086806 /* SettingsViewModel.swift */,
				DC75B413299BA57F00086806 /* ScriptsViewModel.swift */,
			);
			path = ViewModels;
			sourceTree = "<group>";
		};
		DC75B414299BA57F00086806 /* Handler */ = {
			isa = PBXGroup;
			children = (
				DC75B415299BA57F00086806 /* ScriptHandler.swift */,
				DC75B416299BA57F00086806 /* StorageHandler.swift */,
			);
			path = Handler;
			sourceTree = "<group>";
		};
		DC75B417299BA57F00086806 /* Utils */ = {
			isa = PBXGroup;
			children = (
				DC75B418299BA57F00086806 /* FontSize.swift */,
				DC75B419299BA57F00086806 /* Spacing.swift */,
				DC75B41A299BA57F00086806 /* IconSize.swift */,
				DC75B41B299BA57F00086806 /* DefaultScript.swift */,
				DC75B41C299BA57F00086806 /* DefaultSettings.swift */,
				DC75B41D299BA57F00086806 /* Color.swift */,
				DC2991D629A3830C00DBCAAD /* ScriptIcons.swift */,
			);
			path = Utils;
			sourceTree = "<group>";
		};
		DC75B41E299BA57F00086806 /* Views */ = {
			isa = PBXGroup;
			children = (
				DC75B41F299BA57F00086806 /* Settings */,
				DC75B428299BA57F00086806 /* HintView.swift */,
				DC75B429299BA57F00086806 /* Groups */,
				DC75B42B299BA57F00086806 /* WelcomeView.swift */,
				DC75B42C299BA57F00086806 /* HeaderView.swift */,
				DC75B42D299BA57F00086806 /* Scripts */,
				DC75B43B299BA57F00086806 /* MainView.swift */,
				DC75B43C299BA57F00086806 /* GroupView.swift */,
			);
			path = Views;
			sourceTree = "<group>";
		};
		DC75B41F299BA57F00086806 /* Settings */ = {
			isa = PBXGroup;
			children = (
				DC75B420299BA57F00086806 /* SettingsView.swift */,
				DC75B421299BA57F00086806 /* SettingsLoggingView.swift */,
				DC75B422299BA57F00086806 /* SettingsShellView.swift */,
				DC75B423299BA57F00086806 /* SettingsNotificationsView.swift */,
				DC75B424299BA57F00086806 /* SettingsActions */,
				DC75B427299BA57F00086806 /* SettingsUnicodeView.swift */,
			);
			path = Settings;
			sourceTree = "<group>";
		};
		DC75B424299BA57F00086806 /* SettingsActions */ = {
			isa = PBXGroup;
			children = (
				DC75B425299BA57F00086806 /* SettingsSaveButtonView.swift */,
				DC75B426299BA57F00086806 /* SettingsDeleteButtonView.swift */,
			);
			path = SettingsActions;
			sourceTree = "<group>";
		};
		DC75B429299BA57F00086806 /* Groups */ = {
			isa = PBXGroup;
			children = (
				DC75B42A299BA57F00086806 /* AddGroupView.swift */,
			);
			path = Groups;
			sourceTree = "<group>";
		};
		DC75B42D299BA57F00086806 /* Scripts */ = {
			isa = PBXGroup;
			children = (
				DCDF0F9229A4B6AA00057C1E /* AddScript */,
				DCDF0F9329A4B6C400057C1E /* EditScript */,
				DC889DBC29A3B65E0006B0DF /* ScriptRow */,
				DC75B430299BA57F00086806 /* ScriptsListView.swift */,
			);
			path = Scripts;
			sourceTree = "<group>";
		};
		DC75B436299BA57F00086806 /* ScriptRowActions */ = {
			isa = PBXGroup;
			children = (
				DC75B437299BA57F00086806 /* ScriptStateButtonView.swift */,
				DC75B438299BA57F00086806 /* ScriptDeleteButtonView.swift */,
				DC75B439299BA57F00086806 /* ScriptRunButtonView.swift */,
				DC889DBD29A3B6D80006B0DF /* ScriptEditButtonView.swift */,
				DC889DBF29A3B7420006B0DF /* ScriptLogButtonView.swift */,
			);
			path = ScriptRowActions;
			sourceTree = "<group>";
		};
		DC75B43D299BA57F00086806 /* Models */ = {
			isa = PBXGroup;
			children = (
				DC75B43E299BA57F00086806 /* ShellModel.swift */,
				DC75B43F299BA57F00086806 /* SettingsModel.swift */,
				DC75B440299BA57F00086806 /* LanguageModel.swift */,
				DC75B441299BA57F00086806 /* ResultModel.swift */,
				DC75B442299BA57F00086806 /* ScriptModel.swift */,
			);
			path = Models;
			sourceTree = "<group>";
		};
		DC889DBC29A3B65E0006B0DF /* ScriptRow */ = {
			isa = PBXGroup;
			children = (
				DC75B436299BA57F00086806 /* ScriptRowActions */,
				DC75B42F299BA57F00086806 /* ScriptRowView.swift */,
				DC75B43A299BA57F00086806 /* ScriptRowLabelView.swift */,
				DC75B435299BA57F00086806 /* ScriptDetailsView.swift */,
			);
			path = ScriptRow;
			sourceTree = "<group>";
		};
		DCDF0F9229A4B6AA00057C1E /* AddScript */ = {
			isa = PBXGroup;
			children = (
				DC2991D429A382A800DBCAAD /* IconPickerView.swift */,
				DC75B434299BA57F00086806 /* AddScriptView.swift */,
				DC75B432299BA57F00086806 /* SaveScriptButtonView.swift */,
				DC75B433299BA57F00086806 /* TestScriptButtonView.swift */,
			);
			path = AddScript;
			sourceTree = "<group>";
		};
		DCDF0F9329A4B6C400057C1E /* EditScript */ = {
			isa = PBXGroup;
			children = (
				DC889DC129A3B9210006B0DF /* EditScriptView.swift */,
				DCDF0F9429A4B70600057C1E /* SaveChangesButtonView.swift */,
				DCDF0F9629A4B71500057C1E /* DeleteChangesButtonView.swift */,
			);
			path = EditScript;
			sourceTree = "<group>";
		};
/* End PBXGroup section */

/* Begin PBXNativeTarget section */
		DC0448F1298D2F38004B6389 /* ScriptManager */ = {
			isa = PBXNativeTarget;
			buildConfigurationList = DC044901298D2F39004B6389 /* Build configuration list for PBXNativeTarget "ScriptManager" */;
			buildPhases = (
				DC0448EE298D2F38004B6389 /* Sources */,
				DC0448EF298D2F38004B6389 /* Frameworks */,
				DC0448F0298D2F38004B6389 /* Resources */,
				DC75B40E299BA52B00086806 /* ShellScript */,
			);
			buildRules = (
			);
			dependencies = (
			);
			name = ScriptManager;
			productName = ScriptManager;
			productReference = DC0448F2298D2F38004B6389 /* ScriptManager.app */;
			productType = "com.apple.product-type.application";
		};
/* End PBXNativeTarget section */

/* Begin PBXProject section */
		DC0448EA298D2F38004B6389 /* Project object */ = {
			isa = PBXProject;
			attributes = {
				BuildIndependentTargetsInParallel = 1;
				LastSwiftUpdateCheck = 1420;
				LastUpgradeCheck = 1420;
				TargetAttributes = {
					DC0448F1298D2F38004B6389 = {
						CreatedOnToolsVersion = 14.2;
						LastSwiftMigration = 1420;
					};
				};
			};
			buildConfigurationList = DC0448ED298D2F38004B6389 /* Build configuration list for PBXProject "ScriptManager" */;
			compatibilityVersion = "Xcode 14.0";
			developmentRegion = en;
			hasScannedForEncodings = 0;
			knownRegions = (
				en,
				Base,
				de,
			);
			mainGroup = DC0448E9298D2F38004B6389;
			productRefGroup = DC0448F3298D2F38004B6389 /* Products */;
			projectDirPath = "";
			projectRoot = "";
			targets = (
				DC0448F1298D2F38004B6389 /* ScriptManager */,
			);
		};
/* End PBXProject section */

/* Begin PBXResourcesBuildPhase section */
		DC0448F0298D2F38004B6389 /* Resources */ = {
			isa = PBXResourcesBuildPhase;
			buildActionMask = 2147483647;
			files = (
				DC044912298D4046004B6389 /* Colors.xcassets in Resources */,
				DC987BF1298FEC9D00129145 /* Localizable.strings in Resources */,
				DC0448FD298D2F39004B6389 /* Preview Assets.xcassets in Resources */,
				DC0448FA298D2F39004B6389 /* Assets.xcassets in Resources */,
			);
			runOnlyForDeploymentPostprocessing = 0;
		};
/* End PBXResourcesBuildPhase section */

/* Begin PBXShellScriptBuildPhase section */
		DC75B40E299BA52B00086806 /* ShellScript */ = {
			isa = PBXShellScriptBuildPhase;
			buildActionMask = 2147483647;
			files = (
			);
			inputFileListPaths = (
			);
			inputPaths = (
			);
			outputFileListPaths = (
			);
			outputPaths = (
			);
			runOnlyForDeploymentPostprocessing = 0;
			shellPath = /bin/sh;
			shellScript = "# Type a script or drag a script file from your workspace to insert its path.\n";
		};
/* End PBXShellScriptBuildPhase section */

/* Begin PBXSourcesBuildPhase section */
		DC0448EE298D2F38004B6389 /* Sources */ = {
			isa = PBXSourcesBuildPhase;
			buildActionMask = 2147483647;
			files = (
				DC75B452299BA58000086806 /* SettingsNotificationsView.swift in Sources */,
				DC75B44B299BA58000086806 /* IconSize.swift in Sources */,
				DC889DC029A3B7420006B0DF /* ScriptLogButtonView.swift in Sources */,
				DCDF0F9729A4B71500057C1E /* DeleteChangesButtonView.swift in Sources */,
				DC75B467299BA58000086806 /* ShellModel.swift in Sources */,
				DC75B466299BA58000086806 /* GroupView.swift in Sources */,
				DC75B454299BA58000086806 /* SettingsDeleteButtonView.swift in Sources */,
				DC75B45C299BA58000086806 /* ScriptsListView.swift in Sources */,
				DC75B46B299BA58000086806 /* ScriptModel.swift in Sources */,
				DC2991D729A3830C00DBCAAD /* ScriptIcons.swift in Sources */,
				DC889DBE29A3B6D80006B0DF /* ScriptEditButtonView.swift in Sources */,
				DC75B451299BA58000086806 /* SettingsShellView.swift in Sources */,
				DC75B447299BA57F00086806 /* ScriptHandler.swift in Sources */,
				DC75B44C299BA58000086806 /* DefaultScript.swift in Sources */,
				DC75B450299BA58000086806 /* SettingsLoggingView.swift in Sources */,
				DC75B465299BA58000086806 /* MainView.swift in Sources */,
				DC75B45B299BA58000086806 /* ScriptRowView.swift in Sources */,
				DC75B443299BA57F00086806 /* ScriptManagerApp.swift in Sources */,
				DC75B463299BA58000086806 /* ScriptRunButtonView.swift in Sources */,
				DC75B455299BA58000086806 /* SettingsUnicodeView.swift in Sources */,
				DC75B461299BA58000086806 /* ScriptStateButtonView.swift in Sources */,
				DC2991D529A382A800DBCAAD /* IconPickerView.swift in Sources */,
				DC75B448299BA57F00086806 /* StorageHandler.swift in Sources */,
				DC75B453299BA58000086806 /* SettingsSaveButtonView.swift in Sources */,
				DC75B456299BA58000086806 /* HintView.swift in Sources */,
				DC75B45D299BA58000086806 /* SaveScriptButtonView.swift in Sources */,
				DC889DC229A3B9210006B0DF /* EditScriptView.swift in Sources */,
				DC75B468299BA58000086806 /* SettingsModel.swift in Sources */,
				DC75B44E299BA58000086806 /* Color.swift in Sources */,
				DC75B446299BA57F00086806 /* ScriptsViewModel.swift in Sources */,
				DC75B444299BA57F00086806 /* SettingsViewModel.swift in Sources */,
				DC75B44A299BA57F00086806 /* Spacing.swift in Sources */,
				DC75B462299BA58000086806 /* ScriptDeleteButtonView.swift in Sources */,
				DCDF0F9529A4B70600057C1E /* SaveChangesButtonView.swift in Sources */,
				DC75B46A299BA58000086806 /* ResultModel.swift in Sources */,
				DC75B458299BA58000086806 /* WelcomeView.swift in Sources */,
				DC75B464299BA58000086806 /* ScriptRowLabelView.swift in Sources */,
				DC75B44D299BA58000086806 /* DefaultSettings.swift in Sources */,
				DC75B469299BA58000086806 /* LanguageModel.swift in Sources */,
				DC75B460299BA58000086806 /* ScriptDetailsView.swift in Sources */,
				DC75B457299BA58000086806 /* AddGroupView.swift in Sources */,
				DC75B449299BA57F00086806 /* FontSize.swift in Sources */,
				DC75B45E299BA58000086806 /* TestScriptButtonView.swift in Sources */,
				DC75B459299BA58000086806 /* HeaderView.swift in Sources */,
				DC75B45F299BA58000086806 /* AddScriptView.swift in Sources */,
				DC75B44F299BA58000086806 /* SettingsView.swift in Sources */,
			);
			runOnlyForDeploymentPostprocessing = 0;
		};
/* End PBXSourcesBuildPhase section */

/* Begin PBXVariantGroup section */
		DC987BF3298FEC9D00129145 /* Localizable.strings */ = {
			isa = PBXVariantGroup;
			children = (
				DC987BF2298FEC9D00129145 /* de */,
				DC987BF4298FECB700129145 /* en */,
			);
			name = Localizable.strings;
			sourceTree = "<group>";
		};
/* End PBXVariantGroup section */

/* Begin XCBuildConfiguration section */
		DC0448FF298D2F39004B6389 /* Debug */ = {
			isa = XCBuildConfiguration;
			buildSettings = {
				ALWAYS_SEARCH_USER_PATHS = NO;
				CLANG_ANALYZER_NONNULL = YES;
				CLANG_ANALYZER_NUMBER_OBJECT_CONVERSION = YES_AGGRESSIVE;
				CLANG_CXX_LANGUAGE_STANDARD = "gnu++20";
				CLANG_ENABLE_MODULES = YES;
				CLANG_ENABLE_OBJC_ARC = YES;
				CLANG_ENABLE_OBJC_WEAK = YES;
				CLANG_WARN_BLOCK_CAPTURE_AUTORELEASING = YES;
				CLANG_WARN_BOOL_CONVERSION = YES;
				CLANG_WARN_COMMA = YES;
				CLANG_WARN_CONSTANT_CONVERSION = YES;
				CLANG_WARN_DEPRECATED_OBJC_IMPLEMENTATIONS = YES;
				CLANG_WARN_DIRECT_OBJC_ISA_USAGE = YES_ERROR;
				CLANG_WARN_DOCUMENTATION_COMMENTS = YES;
				CLANG_WARN_EMPTY_BODY = YES;
				CLANG_WARN_ENUM_CONVERSION = YES;
				CLANG_WARN_INFINITE_RECURSION = YES;
				CLANG_WARN_INT_CONVERSION = YES;
				CLANG_WARN_NON_LITERAL_NULL_CONVERSION = YES;
				CLANG_WARN_OBJC_IMPLICIT_RETAIN_SELF = YES;
				CLANG_WARN_OBJC_LITERAL_CONVERSION = YES;
				CLANG_WARN_OBJC_ROOT_CLASS = YES_ERROR;
				CLANG_WARN_QUOTED_INCLUDE_IN_FRAMEWORK_HEADER = YES;
				CLANG_WARN_RANGE_LOOP_ANALYSIS = YES;
				CLANG_WARN_STRICT_PROTOTYPES = YES;
				CLANG_WARN_SUSPICIOUS_MOVE = YES;
				CLANG_WARN_UNGUARDED_AVAILABILITY = YES_AGGRESSIVE;
				CLANG_WARN_UNREACHABLE_CODE = YES;
				CLANG_WARN__DUPLICATE_METHOD_MATCH = YES;
				COPY_PHASE_STRIP = NO;
				DEBUG_INFORMATION_FORMAT = dwarf;
				ENABLE_STRICT_OBJC_MSGSEND = YES;
				ENABLE_TESTABILITY = YES;
				GCC_C_LANGUAGE_STANDARD = gnu11;
				GCC_DYNAMIC_NO_PIC = NO;
				GCC_NO_COMMON_BLOCKS = YES;
				GCC_OPTIMIZATION_LEVEL = 0;
				GCC_PREPROCESSOR_DEFINITIONS = (
					"DEBUG=1",
					"$(inherited)",
				);
				GCC_WARN_64_TO_32_BIT_CONVERSION = YES;
				GCC_WARN_ABOUT_RETURN_TYPE = YES_ERROR;
				GCC_WARN_UNDECLARED_SELECTOR = YES;
				GCC_WARN_UNINITIALIZED_AUTOS = YES_AGGRESSIVE;
				GCC_WARN_UNUSED_FUNCTION = YES;
				GCC_WARN_UNUSED_VARIABLE = YES;
				MACOSX_DEPLOYMENT_TARGET = 13.1;
				MTL_ENABLE_DEBUG_INFO = INCLUDE_SOURCE;
				MTL_FAST_MATH = YES;
				ONLY_ACTIVE_ARCH = YES;
				SDKROOT = macosx;
				SWIFT_ACTIVE_COMPILATION_CONDITIONS = DEBUG;
				SWIFT_OPTIMIZATION_LEVEL = "-Onone";
			};
			name = Debug;
		};
		DC044900298D2F39004B6389 /* Release */ = {
			isa = XCBuildConfiguration;
			buildSettings = {
				ALWAYS_SEARCH_USER_PATHS = NO;
				CLANG_ANALYZER_NONNULL = YES;
				CLANG_ANALYZER_NUMBER_OBJECT_CONVERSION = YES_AGGRESSIVE;
				CLANG_CXX_LANGUAGE_STANDARD = "gnu++20";
				CLANG_ENABLE_MODULES = YES;
				CLANG_ENABLE_OBJC_ARC = YES;
				CLANG_ENABLE_OBJC_WEAK = YES;
				CLANG_WARN_BLOCK_CAPTURE_AUTORELEASING = YES;
				CLANG_WARN_BOOL_CONVERSION = YES;
				CLANG_WARN_COMMA = YES;
				CLANG_WARN_CONSTANT_CONVERSION = YES;
				CLANG_WARN_DEPRECATED_OBJC_IMPLEMENTATIONS = YES;
				CLANG_WARN_DIRECT_OBJC_ISA_USAGE = YES_ERROR;
				CLANG_WARN_DOCUMENTATION_COMMENTS = YES;
				CLANG_WARN_EMPTY_BODY = YES;
				CLANG_WARN_ENUM_CONVERSION = YES;
				CLANG_WARN_INFINITE_RECURSION = YES;
				CLANG_WARN_INT_CONVERSION = YES;
				CLANG_WARN_NON_LITERAL_NULL_CONVERSION = YES;
				CLANG_WARN_OBJC_IMPLICIT_RETAIN_SELF = YES;
				CLANG_WARN_OBJC_LITERAL_CONVERSION = YES;
				CLANG_WARN_OBJC_ROOT_CLASS = YES_ERROR;
				CLANG_WARN_QUOTED_INCLUDE_IN_FRAMEWORK_HEADER = YES;
				CLANG_WARN_RANGE_LOOP_ANALYSIS = YES;
				CLANG_WARN_STRICT_PROTOTYPES = YES;
				CLANG_WARN_SUSPICIOUS_MOVE = YES;
				CLANG_WARN_UNGUARDED_AVAILABILITY = YES_AGGRESSIVE;
				CLANG_WARN_UNREACHABLE_CODE = YES;
				CLANG_WARN__DUPLICATE_METHOD_MATCH = YES;
				COPY_PHASE_STRIP = NO;
				DEBUG_INFORMATION_FORMAT = "dwarf-with-dsym";
				ENABLE_NS_ASSERTIONS = NO;
				ENABLE_STRICT_OBJC_MSGSEND = YES;
				GCC_C_LANGUAGE_STANDARD = gnu11;
				GCC_NO_COMMON_BLOCKS = YES;
				GCC_WARN_64_TO_32_BIT_CONVERSION = YES;
				GCC_WARN_ABOUT_RETURN_TYPE = YES_ERROR;
				GCC_WARN_UNDECLARED_SELECTOR = YES;
				GCC_WARN_UNINITIALIZED_AUTOS = YES_AGGRESSIVE;
				GCC_WARN_UNUSED_FUNCTION = YES;
				GCC_WARN_UNUSED_VARIABLE = YES;
				MACOSX_DEPLOYMENT_TARGET = 13.1;
				MTL_ENABLE_DEBUG_INFO = NO;
				MTL_FAST_MATH = YES;
				SDKROOT = macosx;
				SWIFT_COMPILATION_MODE = wholemodule;
				SWIFT_OPTIMIZATION_LEVEL = "-O";
			};
			name = Release;
		};
		DC044902298D2F39004B6389 /* Debug */ = {
			isa = XCBuildConfiguration;
			buildSettings = {
				ASSETCATALOG_COMPILER_APPICON_NAME = AppIcon;
				ASSETCATALOG_COMPILER_GLOBAL_ACCENT_COLOR_NAME = AccentColor;
				CLANG_ENABLE_MODULES = YES;
				CODE_SIGN_ENTITLEMENTS = ScriptManager/ScriptManager.entitlements;
				CODE_SIGN_STYLE = Automatic;
				COMBINE_HIDPI_IMAGES = YES;
				CURRENT_PROJECT_VERSION = 1;
				DEVELOPMENT_ASSET_PATHS = "\"ScriptManager/Preview Content\"";
				DEVELOPMENT_TEAM = TJQ4JQ5B9S;
				ENABLE_HARDENED_RUNTIME = YES;
				ENABLE_PREVIEWS = YES;
				GENERATE_INFOPLIST_FILE = YES;
				INFOPLIST_KEY_LSUIElement = YES;
				INFOPLIST_KEY_NSHumanReadableCopyright = "";
				LD_RUNPATH_SEARCH_PATHS = (
					"$(inherited)",
					"@executable_path/../Frameworks",
				);
				MARKETING_VERSION = 1.0;
				PRODUCT_BUNDLE_IDENTIFIER = de.df.ScriptManager;
				PRODUCT_NAME = "$(TARGET_NAME)";
				SWIFT_EMIT_LOC_STRINGS = YES;
				SWIFT_OPTIMIZATION_LEVEL = "-Onone";
				SWIFT_VERSION = 5.0;
			};
			name = Debug;
		};
		DC044903298D2F39004B6389 /* Release */ = {
			isa = XCBuildConfiguration;
			buildSettings = {
				ASSETCATALOG_COMPILER_APPICON_NAME = AppIcon;
				ASSETCATALOG_COMPILER_GLOBAL_ACCENT_COLOR_NAME = AccentColor;
				CLANG_ENABLE_MODULES = YES;
				CODE_SIGN_ENTITLEMENTS = ScriptManager/ScriptManager.entitlements;
				CODE_SIGN_STYLE = Automatic;
				COMBINE_HIDPI_IMAGES = YES;
				CURRENT_PROJECT_VERSION = 1;
				DEVELOPMENT_ASSET_PATHS = "\"ScriptManager/Preview Content\"";
				DEVELOPMENT_TEAM = TJQ4JQ5B9S;
				ENABLE_HARDENED_RUNTIME = YES;
				ENABLE_PREVIEWS = YES;
				GENERATE_INFOPLIST_FILE = YES;
				INFOPLIST_KEY_LSUIElement = YES;
				INFOPLIST_KEY_NSHumanReadableCopyright = "";
				LD_RUNPATH_SEARCH_PATHS = (
					"$(inherited)",
					"@executable_path/../Frameworks",
				);
				MARKETING_VERSION = 1.0;
				PRODUCT_BUNDLE_IDENTIFIER = de.df.ScriptManager;
				PRODUCT_NAME = "$(TARGET_NAME)";
				SWIFT_EMIT_LOC_STRINGS = YES;
				SWIFT_VERSION = 5.0;
			};
			name = Release;
		};
/* End XCBuildConfiguration section */

/* Begin XCConfigurationList section */
		DC0448ED298D2F38004B6389 /* Build configuration list for PBXProject "ScriptManager" */ = {
			isa = XCConfigurationList;
			buildConfigurations = (
				DC0448FF298D2F39004B6389 /* Debug */,
				DC044900298D2F39004B6389 /* Release */,
			);
			defaultConfigurationIsVisible = 0;
			defaultConfigurationName = Release;
		};
		DC044901298D2F39004B6389 /* Build configuration list for PBXNativeTarget "ScriptManager" */ = {
			isa = XCConfigurationList;
			buildConfigurations = (
				DC044902298D2F39004B6389 /* Debug */,
				DC044903298D2F39004B6389 /* Release */,
			);
			defaultConfigurationIsVisible = 0;
			defaultConfigurationName = Release;
		};
/* End XCConfigurationList section */
	};
	rootObject = DC0448EA298D2F38004B6389 /* Project object */;
}
