{
  "pins" : [
    {
      "identity" : "alerttoast",
      "kind" : "remoteSourceControl",
      "location" : "https://github.com/elai950/AlertToast.git",
      "state" : {
        "branch" : "master",
        "revision" : "638f38f9daf08e17b7caea22d2fcb9c0a418d1b6"
      }
    },
    {
      "identity" : "keyboardshortcuts",
      "kind" : "remoteSourceControl",
      "location" : "https://github.com/sindresorhus/KeyboardShortcuts",
      "state" : {
        "branch" : "main",
        "revision" : "d168f629edcd687383e18c908168520b4f156324"
      }
    },
    {
      "identity" : "launchatlogin-modern",
      "kind" : "remoteSourceControl",
      "location" : "https://github.com/sindresorhus/LaunchAtLogin-Modern",
      "state" : {
        "branch" : "main",
        "revision" : "9c41991631605c8ccfe0347bbcb5c659169f2ec5"
      }
    }
  ],
  "version" : 2
}
